// !$*UTF8*$!
{
	archiveVersion = 1;
	classes = {
	};
	objectVersion = 56;
	objects = {

/* Begin PBXBuildFile section */
		0928DC178008C6D852C1B707 /* Pods_TravelAITests.framework in Frameworks */ = {isa = PBXBuildFile; fileRef = 57C4FB4B01A90AA67BEA1CBB /* Pods_TravelAITests.framework */; };
		65045D41E6A7DCABEF1AD460 /* Pods_TravelAI.framework in Frameworks */ = {isa = PBXBuildFile; fileRef = 4563730F6EA06104A46C91A0 /* Pods_TravelAI.framework */; };
		69273CEEB3426B85584698FB /* Pods_TravelAI_TravelAIUITests.framework in Frameworks */ = {isa = PBXBuildFile; fileRef = AE0C71050518316C4CE7F4B1 /* Pods_TravelAI_TravelAIUITests.framework */; };
		9804A837290E9B92005FF882 /* SearchBlogNetwork.swift in Sources */ = {isa = PBXBuildFile; fileRef = 9804A836290E9B92005FF882 /* SearchBlogNetwork.swift */; };
		9804A839290E9BB9005FF882 /* DKBlog.swift in Sources */ = {isa = PBXBuildFile; fileRef = 9804A838290E9BB9005FF882 /* DKBlog.swift */; };
		9804A83B290E9BDF005FF882 /* SearchNetworkError.swift in Sources */ = {isa = PBXBuildFile; fileRef = 9804A83A290E9BDF005FF882 /* SearchNetworkError.swift */; };
		9804A83F290EA1A6005FF882 /* Logger.swift in Sources */ = {isa = PBXBuildFile; fileRef = 9804A83E290EA1A6005FF882 /* Logger.swift */; };
		9804A841290EA7F1005FF882 /* Alert.swift in Sources */ = {isa = PBXBuildFile; fileRef = 9804A840290EA7F1005FF882 /* Alert.swift */; };
		9804A849290EA8B0005FF882 /* BlogListView.swift in Sources */ = {isa = PBXBuildFile; fileRef = 9804A843290EA8B0005FF882 /* BlogListView.swift */; };
		9804A84A290EA8B0005FF882 /* BlogListCell.swift in Sources */ = {isa = PBXBuildFile; fileRef = 9804A844290EA8B0005FF882 /* BlogListCell.swift */; };
		9804A84B290EA8B0005FF882 /* FilterView.swift in Sources */ = {isa = PBXBuildFile; fileRef = 9804A846290EA8B0005FF882 /* FilterView.swift */; };
		9804A84C290EA8B0005FF882 /* FilterViewModel.swift in Sources */ = {isa = PBXBuildFile; fileRef = 9804A847290EA8B0005FF882 /* FilterViewModel.swift */; };
		9804A84D290EA8B0005FF882 /* BlogListViewModel.swift in Sources */ = {isa = PBXBuildFile; fileRef = 9804A848290EA8B0005FF882 /* BlogListViewModel.swift */; };
		9804A850290EA8E8005FF882 /* Kingfisher in Frameworks */ = {isa = PBXBuildFile; productRef = 9804A84F290EA8E8005FF882 /* Kingfisher */; };
		9804A852290EA96B005FF882 /* BlogListCellData.swift in Sources */ = {isa = PBXBuildFile; fileRef = 9804A851290EA96B005FF882 /* BlogListCellData.swift */; };
		98D212A5290E596E00BA9347 /* AppDelegate.swift in Sources */ = {isa = PBXBuildFile; fileRef = 98D212A4290E596E00BA9347 /* AppDelegate.swift */; };
		98D212A7290E596E00BA9347 /* SceneDelegate.swift in Sources */ = {isa = PBXBuildFile; fileRef = 98D212A6290E596E00BA9347 /* SceneDelegate.swift */; };
		98D212A9290E596E00BA9347 /* ViewController.swift in Sources */ = {isa = PBXBuildFile; fileRef = 98D212A8290E596E00BA9347 /* ViewController.swift */; };
		98D212AE290E596F00BA9347 /* Assets.xcassets in Resources */ = {isa = PBXBuildFile; fileRef = 98D212AD290E596F00BA9347 /* Assets.xcassets */; };
		98D212B1290E596F00BA9347 /* LaunchScreen.storyboard in Resources */ = {isa = PBXBuildFile; fileRef = 98D212AF290E596F00BA9347 /* LaunchScreen.storyboard */; };
		98D212BC290E596F00BA9347 /* TravelAITests.swift in Sources */ = {isa = PBXBuildFile; fileRef = 98D212BB290E596F00BA9347 /* TravelAITests.swift */; };
		98D212C6290E596F00BA9347 /* TravelAIUITests.swift in Sources */ = {isa = PBXBuildFile; fileRef = 98D212C5290E596F00BA9347 /* TravelAIUITests.swift */; };
		98D212C8290E596F00BA9347 /* TravelAIUITestsLaunchTests.swift in Sources */ = {isa = PBXBuildFile; fileRef = 98D212C7290E596F00BA9347 /* TravelAIUITestsLaunchTests.swift */; };
		98D8ED65290E6300005BD060 /* SnapKit in Frameworks */ = {isa = PBXBuildFile; productRef = 98D8ED64290E6300005BD060 /* SnapKit */; };
		98D8ED68290E6333005BD060 /* RxCocoa in Frameworks */ = {isa = PBXBuildFile; productRef = 98D8ED67290E6333005BD060 /* RxCocoa */; };
		98D8ED6A290E6333005BD060 /* RxSwift in Frameworks */ = {isa = PBXBuildFile; productRef = 98D8ED69290E6333005BD060 /* RxSwift */; };
		98D8ED6D290E63AA005BD060 /* TabBarItem.swift in Sources */ = {isa = PBXBuildFile; fileRef = 98D8ED6B290E63AA005BD060 /* TabBarItem.swift */; };
		98D8ED6E290E63AA005BD060 /* TabBarViewController.swift in Sources */ = {isa = PBXBuildFile; fileRef = 98D8ED6C290E63AA005BD060 /* TabBarViewController.swift */; };
		98D8ED71290E6479005BD060 /* LogInViewController.swift in Sources */ = {isa = PBXBuildFile; fileRef = 98D8ED70290E6479005BD060 /* LogInViewController.swift */; };
		98D8ED76290E6D93005BD060 /* GoogleService-Info.plist in Resources */ = {isa = PBXBuildFile; fileRef = 98D8ED75290E6D93005BD060 /* GoogleService-Info.plist */; };
		98D8ED78290E6DF7005BD060 /* ASAuthorizationControllerProxy.swift in Sources */ = {isa = PBXBuildFile; fileRef = 98D8ED77290E6DF7005BD060 /* ASAuthorizationControllerProxy.swift */; };
		98D8ED7B290E6E24005BD060 /* AuthenticationServices+Rx.swift in Sources */ = {isa = PBXBuildFile; fileRef = 98D8ED7A290E6E24005BD060 /* AuthenticationServices+Rx.swift */; };
		98D8ED7F290E8399005BD060 /* SearchViewController.swift in Sources */ = {isa = PBXBuildFile; fileRef = 98D8ED7E290E8399005BD060 /* SearchViewController.swift */; };
		98D8ED81290E89CB005BD060 /* SerchBar.swift in Sources */ = {isa = PBXBuildFile; fileRef = 98D8ED80290E89CB005BD060 /* SerchBar.swift */; };
		98D8ED83290E8A0C005BD060 /* SearchBarViewModel.swift in Sources */ = {isa = PBXBuildFile; fileRef = 98D8ED82290E8A0C005BD060 /* SearchBarViewModel.swift */; };
		98D8ED86290E8BA1005BD060 /* SearchViewModel.swift in Sources */ = {isa = PBXBuildFile; fileRef = 98D8ED85290E8BA1005BD060 /* SearchViewModel.swift */; };
		98D8ED89290E8C07005BD060 /* SearchModel.swift in Sources */ = {isa = PBXBuildFile; fileRef = 98D8ED88290E8C07005BD060 /* SearchModel.swift */; };
		98E28CBC2911543E00C50F16 /* AppLaunchViewController.swift in Sources */ = {isa = PBXBuildFile; fileRef = 98E28CBB2911543E00C50F16 /* AppLaunchViewController.swift */; };
		98E28CD12912715800C50F16 /* HomeViewController.swift in Sources */ = {isa = PBXBuildFile; fileRef = 98E28CD02912715800C50F16 /* HomeViewController.swift */; };
		98E28CD429136EB400C50F16 /* Content.swift in Sources */ = {isa = PBXBuildFile; fileRef = 98E28CD329136EB400C50F16 /* Content.swift */; };
		98E28CD92913737F00C50F16 /* Content.plist in Resources */ = {isa = PBXBuildFile; fileRef = 98E28CD82913737F00C50F16 /* Content.plist */; };
		98E28CDB291378F000C50F16 /* PlaceInfoCollectionViewCell.swift in Sources */ = {isa = PBXBuildFile; fileRef = 98E28CDA291378F000C50F16 /* PlaceInfoCollectionViewCell.swift */; };
		98E28CDD29137B5A00C50F16 /* ContentCollectionViewHeader.swift in Sources */ = {isa = PBXBuildFile; fileRef = 98E28CDC29137B5A00C50F16 /* ContentCollectionViewHeader.swift */; };
		98E28CDF2913C45700C50F16 /* PlaceInfo.swift in Sources */ = {isa = PBXBuildFile; fileRef = 98E28CDE2913C45700C50F16 /* PlaceInfo.swift */; };
		98E28CE12913F58500C50F16 /* PlaceInfoDeatailViewController.swift in Sources */ = {isa = PBXBuildFile; fileRef = 98E28CE02913F58500C50F16 /* PlaceInfoDeatailViewController.swift */; };
/* End PBXBuildFile section */

/* Begin PBXContainerItemProxy section */
		98D212B8290E596F00BA9347 /* PBXContainerItemProxy */ = {
			isa = PBXContainerItemProxy;
			containerPortal = 98D21299290E596E00BA9347 /* Project object */;
			proxyType = 1;
			remoteGlobalIDString = 98D212A0290E596E00BA9347;
			remoteInfo = TravelAI;
		};
		98D212C2290E596F00BA9347 /* PBXContainerItemProxy */ = {
			isa = PBXContainerItemProxy;
			containerPortal = 98D21299290E596E00BA9347 /* Project object */;
			proxyType = 1;
			remoteGlobalIDString = 98D212A0290E596E00BA9347;
			remoteInfo = TravelAI;
		};
/* End PBXContainerItemProxy section */

/* Begin PBXFileReference section */
		08594CE86AF11279A97F8E8E /* Pods-TravelAI-TravelAIUITests.release.xcconfig */ = {isa = PBXFileReference; includeInIndex = 1; lastKnownFileType = text.xcconfig; name = "Pods-TravelAI-TravelAIUITests.release.xcconfig"; path = "Target Support Files/Pods-TravelAI-TravelAIUITests/Pods-TravelAI-TravelAIUITests.release.xcconfig"; sourceTree = "<group>"; };
		4563730F6EA06104A46C91A0 /* Pods_TravelAI.framework */ = {isa = PBXFileReference; explicitFileType = wrapper.framework; includeInIndex = 0; path = Pods_TravelAI.framework; sourceTree = BUILT_PRODUCTS_DIR; };
		4A77AFF0FC5FBBC22DC79865 /* Pods-TravelAI-TravelAIUITests.debug.xcconfig */ = {isa = PBXFileReference; includeInIndex = 1; lastKnownFileType = text.xcconfig; name = "Pods-TravelAI-TravelAIUITests.debug.xcconfig"; path = "Target Support Files/Pods-TravelAI-TravelAIUITests/Pods-TravelAI-TravelAIUITests.debug.xcconfig"; sourceTree = "<group>"; };
		57C4FB4B01A90AA67BEA1CBB /* Pods_TravelAITests.framework */ = {isa = PBXFileReference; explicitFileType = wrapper.framework; includeInIndex = 0; path = Pods_TravelAITests.framework; sourceTree = BUILT_PRODUCTS_DIR; };
		9804A836290E9B92005FF882 /* SearchBlogNetwork.swift */ = {isa = PBXFileReference; lastKnownFileType = sourcecode.swift; path = SearchBlogNetwork.swift; sourceTree = "<group>"; };
		9804A838290E9BB9005FF882 /* DKBlog.swift */ = {isa = PBXFileReference; lastKnownFileType = sourcecode.swift; path = DKBlog.swift; sourceTree = "<group>"; };
		9804A83A290E9BDF005FF882 /* SearchNetworkError.swift */ = {isa = PBXFileReference; lastKnownFileType = sourcecode.swift; path = SearchNetworkError.swift; sourceTree = "<group>"; };
		9804A83E290EA1A6005FF882 /* Logger.swift */ = {isa = PBXFileReference; lastKnownFileType = sourcecode.swift; path = Logger.swift; sourceTree = "<group>"; };
		9804A840290EA7F1005FF882 /* Alert.swift */ = {isa = PBXFileReference; lastKnownFileType = sourcecode.swift; path = Alert.swift; sourceTree = "<group>"; };
		9804A843290EA8B0005FF882 /* BlogListView.swift */ = {isa = PBXFileReference; fileEncoding = 4; lastKnownFileType = sourcecode.swift; path = BlogListView.swift; sourceTree = "<group>"; };
		9804A844290EA8B0005FF882 /* BlogListCell.swift */ = {isa = PBXFileReference; fileEncoding = 4; lastKnownFileType = sourcecode.swift; path = BlogListCell.swift; sourceTree = "<group>"; };
		9804A846290EA8B0005FF882 /* FilterView.swift */ = {isa = PBXFileReference; fileEncoding = 4; lastKnownFileType = sourcecode.swift; path = FilterView.swift; sourceTree = "<group>"; };
		9804A847290EA8B0005FF882 /* FilterViewModel.swift */ = {isa = PBXFileReference; fileEncoding = 4; lastKnownFileType = sourcecode.swift; path = FilterViewModel.swift; sourceTree = "<group>"; };
		9804A848290EA8B0005FF882 /* BlogListViewModel.swift */ = {isa = PBXFileReference; fileEncoding = 4; lastKnownFileType = sourcecode.swift; path = BlogListViewModel.swift; sourceTree = "<group>"; };
		9804A851290EA96B005FF882 /* BlogListCellData.swift */ = {isa = PBXFileReference; lastKnownFileType = sourcecode.swift; path = BlogListCellData.swift; sourceTree = "<group>"; };
		98D212A1290E596E00BA9347 /* TravelAI.app */ = {isa = PBXFileReference; explicitFileType = wrapper.application; includeInIndex = 0; path = TravelAI.app; sourceTree = BUILT_PRODUCTS_DIR; };
		98D212A4290E596E00BA9347 /* AppDelegate.swift */ = {isa = PBXFileReference; lastKnownFileType = sourcecode.swift; path = AppDelegate.swift; sourceTree = "<group>"; };
		98D212A6290E596E00BA9347 /* SceneDelegate.swift */ = {isa = PBXFileReference; lastKnownFileType = sourcecode.swift; path = SceneDelegate.swift; sourceTree = "<group>"; };
		98D212A8290E596E00BA9347 /* ViewController.swift */ = {isa = PBXFileReference; lastKnownFileType = sourcecode.swift; path = ViewController.swift; sourceTree = "<group>"; };
		98D212AD290E596F00BA9347 /* Assets.xcassets */ = {isa = PBXFileReference; lastKnownFileType = folder.assetcatalog; path = Assets.xcassets; sourceTree = "<group>"; };
		98D212B0290E596F00BA9347 /* Base */ = {isa = PBXFileReference; lastKnownFileType = file.storyboard; name = Base; path = Base.lproj/LaunchScreen.storyboard; sourceTree = "<group>"; };
		98D212B2290E596F00BA9347 /* Info.plist */ = {isa = PBXFileReference; lastKnownFileType = text.plist.xml; path = Info.plist; sourceTree = "<group>"; };
		98D212B7290E596F00BA9347 /* TravelAITests.xctest */ = {isa = PBXFileReference; explicitFileType = wrapper.cfbundle; includeInIndex = 0; path = TravelAITests.xctest; sourceTree = BUILT_PRODUCTS_DIR; };
		98D212BB290E596F00BA9347 /* TravelAITests.swift */ = {isa = PBXFileReference; lastKnownFileType = sourcecode.swift; path = TravelAITests.swift; sourceTree = "<group>"; };
		98D212C1290E596F00BA9347 /* TravelAIUITests.xctest */ = {isa = PBXFileReference; explicitFileType = wrapper.cfbundle; includeInIndex = 0; path = TravelAIUITests.xctest; sourceTree = BUILT_PRODUCTS_DIR; };
		98D212C5290E596F00BA9347 /* TravelAIUITests.swift */ = {isa = PBXFileReference; lastKnownFileType = sourcecode.swift; path = TravelAIUITests.swift; sourceTree = "<group>"; };
		98D212C7290E596F00BA9347 /* TravelAIUITestsLaunchTests.swift */ = {isa = PBXFileReference; lastKnownFileType = sourcecode.swift; path = TravelAIUITestsLaunchTests.swift; sourceTree = "<group>"; };
		98D8ED6B290E63AA005BD060 /* TabBarItem.swift */ = {isa = PBXFileReference; fileEncoding = 4; lastKnownFileType = sourcecode.swift; path = TabBarItem.swift; sourceTree = "<group>"; };
		98D8ED6C290E63AA005BD060 /* TabBarViewController.swift */ = {isa = PBXFileReference; fileEncoding = 4; lastKnownFileType = sourcecode.swift; path = TabBarViewController.swift; sourceTree = "<group>"; };
		98D8ED70290E6479005BD060 /* LogInViewController.swift */ = {isa = PBXFileReference; lastKnownFileType = sourcecode.swift; path = LogInViewController.swift; sourceTree = "<group>"; };
		98D8ED75290E6D93005BD060 /* GoogleService-Info.plist */ = {isa = PBXFileReference; fileEncoding = 4; lastKnownFileType = text.plist.xml; path = "GoogleService-Info.plist"; sourceTree = "<group>"; };
		98D8ED77290E6DF7005BD060 /* ASAuthorizationControllerProxy.swift */ = {isa = PBXFileReference; lastKnownFileType = sourcecode.swift; path = ASAuthorizationControllerProxy.swift; sourceTree = "<group>"; };
		98D8ED7A290E6E24005BD060 /* AuthenticationServices+Rx.swift */ = {isa = PBXFileReference; lastKnownFileType = sourcecode.swift; path = "AuthenticationServices+Rx.swift"; sourceTree = "<group>"; };
		98D8ED7C290E715D005BD060 /* TravelAI.entitlements */ = {isa = PBXFileReference; lastKnownFileType = text.plist.entitlements; path = TravelAI.entitlements; sourceTree = "<group>"; };
		98D8ED7E290E8399005BD060 /* SearchViewController.swift */ = {isa = PBXFileReference; lastKnownFileType = sourcecode.swift; path = SearchViewController.swift; sourceTree = "<group>"; };
		98D8ED80290E89CB005BD060 /* SerchBar.swift */ = {isa = PBXFileReference; lastKnownFileType = sourcecode.swift; path = SerchBar.swift; sourceTree = "<group>"; };
		98D8ED82290E8A0C005BD060 /* SearchBarViewModel.swift */ = {isa = PBXFileReference; lastKnownFileType = sourcecode.swift; path = SearchBarViewModel.swift; sourceTree = "<group>"; };
		98D8ED85290E8BA1005BD060 /* SearchViewModel.swift */ = {isa = PBXFileReference; lastKnownFileType = sourcecode.swift; path = SearchViewModel.swift; sourceTree = "<group>"; };
		98D8ED88290E8C07005BD060 /* SearchModel.swift */ = {isa = PBXFileReference; lastKnownFileType = sourcecode.swift; path = SearchModel.swift; sourceTree = "<group>"; };
		98E28CBB2911543E00C50F16 /* AppLaunchViewController.swift */ = {isa = PBXFileReference; lastKnownFileType = sourcecode.swift; path = AppLaunchViewController.swift; sourceTree = "<group>"; };
		98E28CD02912715800C50F16 /* HomeViewController.swift */ = {isa = PBXFileReference; lastKnownFileType = sourcecode.swift; path = HomeViewController.swift; sourceTree = "<group>"; };
		98E28CD329136EB400C50F16 /* Content.swift */ = {isa = PBXFileReference; lastKnownFileType = sourcecode.swift; path = Content.swift; sourceTree = "<group>"; };
		98E28CD82913737F00C50F16 /* Content.plist */ = {isa = PBXFileReference; fileEncoding = 4; lastKnownFileType = text.plist.xml; path = Content.plist; sourceTree = "<group>"; };
		98E28CDA291378F000C50F16 /* PlaceInfoCollectionViewCell.swift */ = {isa = PBXFileReference; lastKnownFileType = sourcecode.swift; path = PlaceInfoCollectionViewCell.swift; sourceTree = "<group>"; };
		98E28CDC29137B5A00C50F16 /* ContentCollectionViewHeader.swift */ = {isa = PBXFileReference; lastKnownFileType = sourcecode.swift; path = ContentCollectionViewHeader.swift; sourceTree = "<group>"; };
		98E28CDE2913C45700C50F16 /* PlaceInfo.swift */ = {isa = PBXFileReference; lastKnownFileType = sourcecode.swift; path = PlaceInfo.swift; sourceTree = "<group>"; };
		98E28CE02913F58500C50F16 /* PlaceInfoDeatailViewController.swift */ = {isa = PBXFileReference; lastKnownFileType = sourcecode.swift; path = PlaceInfoDeatailViewController.swift; sourceTree = "<group>"; };
		A63C59D12C55A1DE404D4CF0 /* Pods-TravelAITests.release.xcconfig */ = {isa = PBXFileReference; includeInIndex = 1; lastKnownFileType = text.xcconfig; name = "Pods-TravelAITests.release.xcconfig"; path = "Target Support Files/Pods-TravelAITests/Pods-TravelAITests.release.xcconfig"; sourceTree = "<group>"; };
		A84CC69BAE3383E60C3B55A0 /* Pods-TravelAI.release.xcconfig */ = {isa = PBXFileReference; includeInIndex = 1; lastKnownFileType = text.xcconfig; name = "Pods-TravelAI.release.xcconfig"; path = "Target Support Files/Pods-TravelAI/Pods-TravelAI.release.xcconfig"; sourceTree = "<group>"; };
		AE0C71050518316C4CE7F4B1 /* Pods_TravelAI_TravelAIUITests.framework */ = {isa = PBXFileReference; explicitFileType = wrapper.framework; includeInIndex = 0; path = Pods_TravelAI_TravelAIUITests.framework; sourceTree = BUILT_PRODUCTS_DIR; };
		B5060201C859DD5502B964A6 /* Pods-TravelAITests.debug.xcconfig */ = {isa = PBXFileReference; includeInIndex = 1; lastKnownFileType = text.xcconfig; name = "Pods-TravelAITests.debug.xcconfig"; path = "Target Support Files/Pods-TravelAITests/Pods-TravelAITests.debug.xcconfig"; sourceTree = "<group>"; };
		F77E42598519BE3FBFDFF332 /* Pods-TravelAI.debug.xcconfig */ = {isa = PBXFileReference; includeInIndex = 1; lastKnownFileType = text.xcconfig; name = "Pods-TravelAI.debug.xcconfig"; path = "Target Support Files/Pods-TravelAI/Pods-TravelAI.debug.xcconfig"; sourceTree = "<group>"; };
/* End PBXFileReference section */

/* Begin PBXFrameworksBuildPhase section */
		98D2129E290E596E00BA9347 /* Frameworks */ = {
			isa = PBXFrameworksBuildPhase;
			buildActionMask = 2147483647;
			files = (
				98D8ED6A290E6333005BD060 /* RxSwift in Frameworks */,
				98D8ED68290E6333005BD060 /* RxCocoa in Frameworks */,
				98D8ED65290E6300005BD060 /* SnapKit in Frameworks */,
				9804A850290EA8E8005FF882 /* Kingfisher in Frameworks */,
				65045D41E6A7DCABEF1AD460 /* Pods_TravelAI.framework in Frameworks */,
			);
			runOnlyForDeploymentPostprocessing = 0;
		};
		98D212B4290E596F00BA9347 /* Frameworks */ = {
			isa = PBXFrameworksBuildPhase;
			buildActionMask = 2147483647;
			files = (
				0928DC178008C6D852C1B707 /* Pods_TravelAITests.framework in Frameworks */,
			);
			runOnlyForDeploymentPostprocessing = 0;
		};
		98D212BE290E596F00BA9347 /* Frameworks */ = {
			isa = PBXFrameworksBuildPhase;
			buildActionMask = 2147483647;
			files = (
				69273CEEB3426B85584698FB /* Pods_TravelAI_TravelAIUITests.framework in Frameworks */,
			);
			runOnlyForDeploymentPostprocessing = 0;
		};
/* End PBXFrameworksBuildPhase section */

/* Begin PBXGroup section */
		9804A83C290E9D6A005FF882 /* NetWork */ = {
			isa = PBXGroup;
			children = (
				9804A836290E9B92005FF882 /* SearchBlogNetwork.swift */,
				9804A83A290E9BDF005FF882 /* SearchNetworkError.swift */,
			);
			path = NetWork;
			sourceTree = "<group>";
		};
		9804A83D290E9D81005FF882 /* Entities */ = {
			isa = PBXGroup;
			children = (
				9804A838290E9BB9005FF882 /* DKBlog.swift */,
				9804A840290EA7F1005FF882 /* Alert.swift */,
				9804A851290EA96B005FF882 /* BlogListCellData.swift */,
				98E28CD329136EB400C50F16 /* Content.swift */,
				98E28CDE2913C45700C50F16 /* PlaceInfo.swift */,
			);
			path = Entities;
			sourceTree = "<group>";
		};
		9804A842290EA8B0005FF882 /* ListView */ = {
			isa = PBXGroup;
			children = (
				9804A843290EA8B0005FF882 /* BlogListView.swift */,
				9804A844290EA8B0005FF882 /* BlogListCell.swift */,
				9804A848290EA8B0005FF882 /* BlogListViewModel.swift */,
				9804A845290EA8B0005FF882 /* FilterView */,
			);
			path = ListView;
			sourceTree = "<group>";
		};
		9804A845290EA8B0005FF882 /* FilterView */ = {
			isa = PBXGroup;
			children = (
				9804A846290EA8B0005FF882 /* FilterView.swift */,
				9804A847290EA8B0005FF882 /* FilterViewModel.swift */,
			);
			path = FilterView;
			sourceTree = "<group>";
		};
		98D21298290E596E00BA9347 = {
			isa = PBXGroup;
			children = (
				98D212A3290E596E00BA9347 /* TravelAI */,
				98D212BA290E596F00BA9347 /* TravelAITests */,
				98D212C4290E596F00BA9347 /* TravelAIUITests */,
				98D212A2290E596E00BA9347 /* Products */,
				C05815941C66A8AB43819C7E /* Pods */,
				DED3BEBCBE38825FA8A33CE3 /* Frameworks */,
			);
			sourceTree = "<group>";
		};
		98D212A2290E596E00BA9347 /* Products */ = {
			isa = PBXGroup;
			children = (
				98D212A1290E596E00BA9347 /* TravelAI.app */,
				98D212B7290E596F00BA9347 /* TravelAITests.xctest */,
				98D212C1290E596F00BA9347 /* TravelAIUITests.xctest */,
			);
			name = Products;
			sourceTree = "<group>";
		};
		98D212A3290E596E00BA9347 /* TravelAI */ = {
			isa = PBXGroup;
			children = (
				98E28CD82913737F00C50F16 /* Content.plist */,
				98D8ED7C290E715D005BD060 /* TravelAI.entitlements */,
				98D8ED75290E6D93005BD060 /* GoogleService-Info.plist */,
				98D8ED6F290E63B4005BD060 /* Source */,
				98D8ED8A290E8DD9005BD060 /* base */,
				98D212B2290E596F00BA9347 /* Info.plist */,
				9804A83C290E9D6A005FF882 /* NetWork */,
				9804A83D290E9D81005FF882 /* Entities */,
				98E28CD2291271C900C50F16 /* Log */,
				98E28CBB2911543E00C50F16 /* AppLaunchViewController.swift */,
			);
			path = TravelAI;
			sourceTree = "<group>";
		};
		98D212BA290E596F00BA9347 /* TravelAITests */ = {
			isa = PBXGroup;
			children = (
				98D212BB290E596F00BA9347 /* TravelAITests.swift */,
			);
			path = TravelAITests;
			sourceTree = "<group>";
		};
		98D212C4290E596F00BA9347 /* TravelAIUITests */ = {
			isa = PBXGroup;
			children = (
				98D212C5290E596F00BA9347 /* TravelAIUITests.swift */,
				98D212C7290E596F00BA9347 /* TravelAIUITestsLaunchTests.swift */,
			);
			path = TravelAIUITests;
			sourceTree = "<group>";
		};
		98D8ED6F290E63B4005BD060 /* Source */ = {
			isa = PBXGroup;
			children = (
				98D8ED79290E6E0D005BD060 /* Login */,
				98D8ED7D290E8377005BD060 /* TabBar */,
				98D212A8290E596E00BA9347 /* ViewController.swift */,
			);
			path = Source;
			sourceTree = "<group>";
		};
		98D8ED79290E6E0D005BD060 /* Login */ = {
			isa = PBXGroup;
			children = (
				98D8ED70290E6479005BD060 /* LogInViewController.swift */,
				98D8ED77290E6DF7005BD060 /* ASAuthorizationControllerProxy.swift */,
				98D8ED7A290E6E24005BD060 /* AuthenticationServices+Rx.swift */,
			);
			path = Login;
			sourceTree = "<group>";
		};
		98D8ED7D290E8377005BD060 /* TabBar */ = {
			isa = PBXGroup;
			children = (
				98E28CCF2912713100C50F16 /* TabBarController */,
				98D8ED84290E8B57005BD060 /* Search */,
				98E28CD72913721100C50F16 /* Home */,
			);
			path = TabBar;
			sourceTree = "<group>";
		};
		98D8ED84290E8B57005BD060 /* Search */ = {
			isa = PBXGroup;
			children = (
				9804A842290EA8B0005FF882 /* ListView */,
				98D8ED7E290E8399005BD060 /* SearchViewController.swift */,
				98D8ED85290E8BA1005BD060 /* SearchViewModel.swift */,
				98D8ED88290E8C07005BD060 /* SearchModel.swift */,
				98D8ED87290E8BE4005BD060 /* SerchBar */,
			);
			path = Search;
			sourceTree = "<group>";
		};
		98D8ED87290E8BE4005BD060 /* SerchBar */ = {
			isa = PBXGroup;
			children = (
				98D8ED80290E89CB005BD060 /* SerchBar.swift */,
				98D8ED82290E8A0C005BD060 /* SearchBarViewModel.swift */,
			);
			path = SerchBar;
			sourceTree = "<group>";
		};
		98D8ED8A290E8DD9005BD060 /* base */ = {
			isa = PBXGroup;
			children = (
				98D212A4290E596E00BA9347 /* AppDelegate.swift */,
				98D212A6290E596E00BA9347 /* SceneDelegate.swift */,
				98D212AD290E596F00BA9347 /* Assets.xcassets */,
				98D212AF290E596F00BA9347 /* LaunchScreen.storyboard */,
			);
			path = base;
			sourceTree = "<group>";
		};
		98E28CCF2912713100C50F16 /* TabBarController */ = {
			isa = PBXGroup;
			children = (
				98D8ED6B290E63AA005BD060 /* TabBarItem.swift */,
				98D8ED6C290E63AA005BD060 /* TabBarViewController.swift */,
			);
			path = TabBarController;
			sourceTree = "<group>";
		};
		98E28CD2291271C900C50F16 /* Log */ = {
			isa = PBXGroup;
			children = (
				9804A83E290EA1A6005FF882 /* Logger.swift */,
			);
			path = Log;
			sourceTree = "<group>";
		};
		98E28CD72913721100C50F16 /* Home */ = {
			isa = PBXGroup;
			children = (
				98E28CD02912715800C50F16 /* HomeViewController.swift */,
				98E28CDA291378F000C50F16 /* PlaceInfoCollectionViewCell.swift */,
				98E28CDC29137B5A00C50F16 /* ContentCollectionViewHeader.swift */,
				98E28CE22913F58900C50F16 /* PlacInfoDetail */,
			);
			path = Home;
			sourceTree = "<group>";
		};
		98E28CE22913F58900C50F16 /* PlacInfoDetail */ = {
			isa = PBXGroup;
			children = (
				98E28CE02913F58500C50F16 /* PlaceInfoDeatailViewController.swift */,
			);
			path = PlacInfoDetail;
			sourceTree = "<group>";
		};
		C05815941C66A8AB43819C7E /* Pods */ = {
			isa = PBXGroup;
			children = (
				F77E42598519BE3FBFDFF332 /* Pods-TravelAI.debug.xcconfig */,
				A84CC69BAE3383E60C3B55A0 /* Pods-TravelAI.release.xcconfig */,
				4A77AFF0FC5FBBC22DC79865 /* Pods-TravelAI-TravelAIUITests.debug.xcconfig */,
				08594CE86AF11279A97F8E8E /* Pods-TravelAI-TravelAIUITests.release.xcconfig */,
				B5060201C859DD5502B964A6 /* Pods-TravelAITests.debug.xcconfig */,
				A63C59D12C55A1DE404D4CF0 /* Pods-TravelAITests.release.xcconfig */,
			);
			path = Pods;
			sourceTree = "<group>";
		};
		DED3BEBCBE38825FA8A33CE3 /* Frameworks */ = {
			isa = PBXGroup;
			children = (
				4563730F6EA06104A46C91A0 /* Pods_TravelAI.framework */,
				AE0C71050518316C4CE7F4B1 /* Pods_TravelAI_TravelAIUITests.framework */,
				57C4FB4B01A90AA67BEA1CBB /* Pods_TravelAITests.framework */,
			);
			name = Frameworks;
			sourceTree = "<group>";
		};
/* End PBXGroup section */

/* Begin PBXNativeTarget section */
		98D212A0290E596E00BA9347 /* TravelAI */ = {
			isa = PBXNativeTarget;
			buildConfigurationList = 98D212CB290E596F00BA9347 /* Build configuration list for PBXNativeTarget "TravelAI" */;
			buildPhases = (
				520FEBDB0D7BA5B12DB383FF /* [CP] Check Pods Manifest.lock */,
				98D2129D290E596E00BA9347 /* Sources */,
				98D2129E290E596E00BA9347 /* Frameworks */,
				98D2129F290E596E00BA9347 /* Resources */,
				BDA6B0A7441A09F0A0BEC18C /* [CP] Embed Pods Frameworks */,
			);
			buildRules = (
			);
			dependencies = (
			);
			name = TravelAI;
			packageProductDependencies = (
				98D8ED64290E6300005BD060 /* SnapKit */,
				98D8ED67290E6333005BD060 /* RxCocoa */,
				98D8ED69290E6333005BD060 /* RxSwift */,
				9804A84F290EA8E8005FF882 /* Kingfisher */,
			);
			productName = TravelAI;
			productReference = 98D212A1290E596E00BA9347 /* TravelAI.app */;
			productType = "com.apple.product-type.application";
		};
		98D212B6290E596F00BA9347 /* TravelAITests */ = {
			isa = PBXNativeTarget;
			buildConfigurationList = 98D212CE290E596F00BA9347 /* Build configuration list for PBXNativeTarget "TravelAITests" */;
			buildPhases = (
				7EF2EB8F94F6C7D1C2753E36 /* [CP] Check Pods Manifest.lock */,
				98D212B3290E596F00BA9347 /* Sources */,
				98D212B4290E596F00BA9347 /* Frameworks */,
				98D212B5290E596F00BA9347 /* Resources */,
			);
			buildRules = (
			);
			dependencies = (
				98D212B9290E596F00BA9347 /* PBXTargetDependency */,
			);
			name = TravelAITests;
			productName = TravelAITests;
			productReference = 98D212B7290E596F00BA9347 /* TravelAITests.xctest */;
			productType = "com.apple.product-type.bundle.unit-test";
		};
		98D212C0290E596F00BA9347 /* TravelAIUITests */ = {
			isa = PBXNativeTarget;
			buildConfigurationList = 98D212D1290E596F00BA9347 /* Build configuration list for PBXNativeTarget "TravelAIUITests" */;
			buildPhases = (
				189DED21321BA8435770A377 /* [CP] Check Pods Manifest.lock */,
				98D212BD290E596F00BA9347 /* Sources */,
				98D212BE290E596F00BA9347 /* Frameworks */,
				98D212BF290E596F00BA9347 /* Resources */,
				0D3B22F873CF6DF46EDFB7B4 /* [CP] Embed Pods Frameworks */,
			);
			buildRules = (
			);
			dependencies = (
				98D212C3290E596F00BA9347 /* PBXTargetDependency */,
			);
			name = TravelAIUITests;
			productName = TravelAIUITests;
			productReference = 98D212C1290E596F00BA9347 /* TravelAIUITests.xctest */;
			productType = "com.apple.product-type.bundle.ui-testing";
		};
/* End PBXNativeTarget section */

/* Begin PBXProject section */
		98D21299290E596E00BA9347 /* Project object */ = {
			isa = PBXProject;
			attributes = {
				BuildIndependentTargetsInParallel = 1;
				LastSwiftUpdateCheck = 1400;
				LastUpgradeCheck = 1400;
				TargetAttributes = {
					98D212A0290E596E00BA9347 = {
						CreatedOnToolsVersion = 14.0.1;
					};
					98D212B6290E596F00BA9347 = {
						CreatedOnToolsVersion = 14.0.1;
						TestTargetID = 98D212A0290E596E00BA9347;
					};
					98D212C0290E596F00BA9347 = {
						CreatedOnToolsVersion = 14.0.1;
						TestTargetID = 98D212A0290E596E00BA9347;
					};
				};
			};
			buildConfigurationList = 98D2129C290E596E00BA9347 /* Build configuration list for PBXProject "TravelAI" */;
			compatibilityVersion = "Xcode 14.0";
			developmentRegion = en;
			hasScannedForEncodings = 0;
			knownRegions = (
				en,
				Base,
			);
			mainGroup = 98D21298290E596E00BA9347;
			packageReferences = (
				98D8ED63290E6300005BD060 /* XCRemoteSwiftPackageReference "SnapKit" */,
				98D8ED66290E6333005BD060 /* XCRemoteSwiftPackageReference "RxSwift" */,
				9804A84E290EA8E8005FF882 /* XCRemoteSwiftPackageReference "Kingfisher" */,
			);
			productRefGroup = 98D212A2290E596E00BA9347 /* Products */;
			projectDirPath = "";
			projectRoot = "";
			targets = (
				98D212A0290E596E00BA9347 /* TravelAI */,
				98D212B6290E596F00BA9347 /* TravelAITests */,
				98D212C0290E596F00BA9347 /* TravelAIUITests */,
			);
		};
/* End PBXProject section */

/* Begin PBXResourcesBuildPhase section */
		98D2129F290E596E00BA9347 /* Resources */ = {
			isa = PBXResourcesBuildPhase;
			buildActionMask = 2147483647;
			files = (
				98D212B1290E596F00BA9347 /* LaunchScreen.storyboard in Resources */,
				98D212AE290E596F00BA9347 /* Assets.xcassets in Resources */,
				98E28CD92913737F00C50F16 /* Content.plist in Resources */,
				98D8ED76290E6D93005BD060 /* GoogleService-Info.plist in Resources */,
			);
			runOnlyForDeploymentPostprocessing = 0;
		};
		98D212B5290E596F00BA9347 /* Resources */ = {
			isa = PBXResourcesBuildPhase;
			buildActionMask = 2147483647;
			files = (
			);
			runOnlyForDeploymentPostprocessing = 0;
		};
		98D212BF290E596F00BA9347 /* Resources */ = {
			isa = PBXResourcesBuildPhase;
			buildActionMask = 2147483647;
			files = (
			);
			runOnlyForDeploymentPostprocessing = 0;
		};
/* End PBXResourcesBuildPhase section */

/* Begin PBXShellScriptBuildPhase section */
		0D3B22F873CF6DF46EDFB7B4 /* [CP] Embed Pods Frameworks */ = {
			isa = PBXShellScriptBuildPhase;
			buildActionMask = 2147483647;
			files = (
			);
			inputFileListPaths = (
				"${PODS_ROOT}/Target Support Files/Pods-TravelAI-TravelAIUITests/Pods-TravelAI-TravelAIUITests-frameworks-${CONFIGURATION}-input-files.xcfilelist",
			);
			name = "[CP] Embed Pods Frameworks";
			outputFileListPaths = (
				"${PODS_ROOT}/Target Support Files/Pods-TravelAI-TravelAIUITests/Pods-TravelAI-TravelAIUITests-frameworks-${CONFIGURATION}-output-files.xcfilelist",
			);
			runOnlyForDeploymentPostprocessing = 0;
			shellPath = /bin/sh;
			shellScript = "\"${PODS_ROOT}/Target Support Files/Pods-TravelAI-TravelAIUITests/Pods-TravelAI-TravelAIUITests-frameworks.sh\"\n";
			showEnvVarsInLog = 0;
		};
		189DED21321BA8435770A377 /* [CP] Check Pods Manifest.lock */ = {
			isa = PBXShellScriptBuildPhase;
			buildActionMask = 2147483647;
			files = (
			);
			inputFileListPaths = (
			);
			inputPaths = (
				"${PODS_PODFILE_DIR_PATH}/Podfile.lock",
				"${PODS_ROOT}/Manifest.lock",
			);
			name = "[CP] Check Pods Manifest.lock";
			outputFileListPaths = (
			);
			outputPaths = (
				"$(DERIVED_FILE_DIR)/Pods-TravelAI-TravelAIUITests-checkManifestLockResult.txt",
			);
			runOnlyForDeploymentPostprocessing = 0;
			shellPath = /bin/sh;
			shellScript = "diff \"${PODS_PODFILE_DIR_PATH}/Podfile.lock\" \"${PODS_ROOT}/Manifest.lock\" > /dev/null\nif [ $? != 0 ] ; then\n    # print error to STDERR\n    echo \"error: The sandbox is not in sync with the Podfile.lock. Run 'pod install' or update your CocoaPods installation.\" >&2\n    exit 1\nfi\n# This output is used by Xcode 'outputs' to avoid re-running this script phase.\necho \"SUCCESS\" > \"${SCRIPT_OUTPUT_FILE_0}\"\n";
			showEnvVarsInLog = 0;
		};
		520FEBDB0D7BA5B12DB383FF /* [CP] Check Pods Manifest.lock */ = {
			isa = PBXShellScriptBuildPhase;
			buildActionMask = 2147483647;
			files = (
			);
			inputFileListPaths = (
			);
			inputPaths = (
				"${PODS_PODFILE_DIR_PATH}/Podfile.lock",
				"${PODS_ROOT}/Manifest.lock",
			);
			name = "[CP] Check Pods Manifest.lock";
			outputFileListPaths = (
			);
			outputPaths = (
				"$(DERIVED_FILE_DIR)/Pods-TravelAI-checkManifestLockResult.txt",
			);
			runOnlyForDeploymentPostprocessing = 0;
			shellPath = /bin/sh;
			shellScript = "diff \"${PODS_PODFILE_DIR_PATH}/Podfile.lock\" \"${PODS_ROOT}/Manifest.lock\" > /dev/null\nif [ $? != 0 ] ; then\n    # print error to STDERR\n    echo \"error: The sandbox is not in sync with the Podfile.lock. Run 'pod install' or update your CocoaPods installation.\" >&2\n    exit 1\nfi\n# This output is used by Xcode 'outputs' to avoid re-running this script phase.\necho \"SUCCESS\" > \"${SCRIPT_OUTPUT_FILE_0}\"\n";
			showEnvVarsInLog = 0;
		};
		7EF2EB8F94F6C7D1C2753E36 /* [CP] Check Pods Manifest.lock */ = {
			isa = PBXShellScriptBuildPhase;
			buildActionMask = 2147483647;
			files = (
			);
			inputFileListPaths = (
			);
			inputPaths = (
				"${PODS_PODFILE_DIR_PATH}/Podfile.lock",
				"${PODS_ROOT}/Manifest.lock",
			);
			name = "[CP] Check Pods Manifest.lock";
			outputFileListPaths = (
			);
			outputPaths = (
				"$(DERIVED_FILE_DIR)/Pods-TravelAITests-checkManifestLockResult.txt",
			);
			runOnlyForDeploymentPostprocessing = 0;
			shellPath = /bin/sh;
			shellScript = "diff \"${PODS_PODFILE_DIR_PATH}/Podfile.lock\" \"${PODS_ROOT}/Manifest.lock\" > /dev/null\nif [ $? != 0 ] ; then\n    # print error to STDERR\n    echo \"error: The sandbox is not in sync with the Podfile.lock. Run 'pod install' or update your CocoaPods installation.\" >&2\n    exit 1\nfi\n# This output is used by Xcode 'outputs' to avoid re-running this script phase.\necho \"SUCCESS\" > \"${SCRIPT_OUTPUT_FILE_0}\"\n";
			showEnvVarsInLog = 0;
		};
		BDA6B0A7441A09F0A0BEC18C /* [CP] Embed Pods Frameworks */ = {
			isa = PBXShellScriptBuildPhase;
			buildActionMask = 2147483647;
			files = (
			);
			inputFileListPaths = (
				"${PODS_ROOT}/Target Support Files/Pods-TravelAI/Pods-TravelAI-frameworks-${CONFIGURATION}-input-files.xcfilelist",
			);
			name = "[CP] Embed Pods Frameworks";
			outputFileListPaths = (
				"${PODS_ROOT}/Target Support Files/Pods-TravelAI/Pods-TravelAI-frameworks-${CONFIGURATION}-output-files.xcfilelist",
			);
			runOnlyForDeploymentPostprocessing = 0;
			shellPath = /bin/sh;
			shellScript = "\"${PODS_ROOT}/Target Support Files/Pods-TravelAI/Pods-TravelAI-frameworks.sh\"\n";
			showEnvVarsInLog = 0;
		};
/* End PBXShellScriptBuildPhase section */

/* Begin PBXSourcesBuildPhase section */
		98D2129D290E596E00BA9347 /* Sources */ = {
			isa = PBXSourcesBuildPhase;
			buildActionMask = 2147483647;
			files = (
				9804A841290EA7F1005FF882 /* Alert.swift in Sources */,
				98D212A9290E596E00BA9347 /* ViewController.swift in Sources */,
				98D8ED89290E8C07005BD060 /* SearchModel.swift in Sources */,
				98E28CDF2913C45700C50F16 /* PlaceInfo.swift in Sources */,
				9804A839290E9BB9005FF882 /* DKBlog.swift in Sources */,
				98D212A5290E596E00BA9347 /* AppDelegate.swift in Sources */,
				98E28CDD29137B5A00C50F16 /* ContentCollectionViewHeader.swift in Sources */,
				98E28CD429136EB400C50F16 /* Content.swift in Sources */,
				98D8ED71290E6479005BD060 /* LogInViewController.swift in Sources */,
				98D8ED7B290E6E24005BD060 /* AuthenticationServices+Rx.swift in Sources */,
				9804A84B290EA8B0005FF882 /* FilterView.swift in Sources */,
				9804A84C290EA8B0005FF882 /* FilterViewModel.swift in Sources */,
				98E28CBC2911543E00C50F16 /* AppLaunchViewController.swift in Sources */,
				98D8ED6D290E63AA005BD060 /* TabBarItem.swift in Sources */,
				98E28CDB291378F000C50F16 /* PlaceInfoCollectionViewCell.swift in Sources */,
				98E28CD12912715800C50F16 /* HomeViewController.swift in Sources */,
				98D8ED6E290E63AA005BD060 /* TabBarViewController.swift in Sources */,
				9804A84D290EA8B0005FF882 /* BlogListViewModel.swift in Sources */,
				9804A83F290EA1A6005FF882 /* Logger.swift in Sources */,
				9804A849290EA8B0005FF882 /* BlogListView.swift in Sources */,
				98D8ED7F290E8399005BD060 /* SearchViewController.swift in Sources */,
				9804A837290E9B92005FF882 /* SearchBlogNetwork.swift in Sources */,
				9804A84A290EA8B0005FF882 /* BlogListCell.swift in Sources */,
				98D8ED78290E6DF7005BD060 /* ASAuthorizationControllerProxy.swift in Sources */,
				98D212A7290E596E00BA9347 /* SceneDelegate.swift in Sources */,
				9804A852290EA96B005FF882 /* BlogListCellData.swift in Sources */,
				98D8ED81290E89CB005BD060 /* SerchBar.swift in Sources */,
				9804A83B290E9BDF005FF882 /* SearchNetworkError.swift in Sources */,
				98D8ED83290E8A0C005BD060 /* SearchBarViewModel.swift in Sources */,
				98E28CE12913F58500C50F16 /* PlaceInfoDeatailViewController.swift in Sources */,
				98D8ED86290E8BA1005BD060 /* SearchViewModel.swift in Sources */,
			);
			runOnlyForDeploymentPostprocessing = 0;
		};
		98D212B3290E596F00BA9347 /* Sources */ = {
			isa = PBXSourcesBuildPhase;
			buildActionMask = 2147483647;
			files = (
				98D212BC290E596F00BA9347 /* TravelAITests.swift in Sources */,
			);
			runOnlyForDeploymentPostprocessing = 0;
		};
		98D212BD290E596F00BA9347 /* Sources */ = {
			isa = PBXSourcesBuildPhase;
			buildActionMask = 2147483647;
			files = (
				98D212C8290E596F00BA9347 /* TravelAIUITestsLaunchTests.swift in Sources */,
				98D212C6290E596F00BA9347 /* TravelAIUITests.swift in Sources */,
			);
			runOnlyForDeploymentPostprocessing = 0;
		};
/* End PBXSourcesBuildPhase section */

/* Begin PBXTargetDependency section */
		98D212B9290E596F00BA9347 /* PBXTargetDependency */ = {
			isa = PBXTargetDependency;
			target = 98D212A0290E596E00BA9347 /* TravelAI */;
			targetProxy = 98D212B8290E596F00BA9347 /* PBXContainerItemProxy */;
		};
		98D212C3290E596F00BA9347 /* PBXTargetDependency */ = {
			isa = PBXTargetDependency;
			target = 98D212A0290E596E00BA9347 /* TravelAI */;
			targetProxy = 98D212C2290E596F00BA9347 /* PBXContainerItemProxy */;
		};
/* End PBXTargetDependency section */

/* Begin PBXVariantGroup section */
		98D212AF290E596F00BA9347 /* LaunchScreen.storyboard */ = {
			isa = PBXVariantGroup;
			children = (
				98D212B0290E596F00BA9347 /* Base */,
			);
			name = LaunchScreen.storyboard;
			sourceTree = "<group>";
		};
/* End PBXVariantGroup section */

/* Begin XCBuildConfiguration section */
		98D212C9290E596F00BA9347 /* Debug */ = {
			isa = XCBuildConfiguration;
			buildSettings = {
				ALWAYS_SEARCH_USER_PATHS = NO;
				CLANG_ANALYZER_NONNULL = YES;
				CLANG_ANALYZER_NUMBER_OBJECT_CONVERSION = YES_AGGRESSIVE;
				CLANG_CXX_LANGUAGE_STANDARD = "gnu++20";
				CLANG_ENABLE_MODULES = YES;
				CLANG_ENABLE_OBJC_ARC = YES;
				CLANG_ENABLE_OBJC_WEAK = YES;
				CLANG_WARN_BLOCK_CAPTURE_AUTORELEASING = YES;
				CLANG_WARN_BOOL_CONVERSION = YES;
				CLANG_WARN_COMMA = YES;
				CLANG_WARN_CONSTANT_CONVERSION = YES;
				CLANG_WARN_DEPRECATED_OBJC_IMPLEMENTATIONS = YES;
				CLANG_WARN_DIRECT_OBJC_ISA_USAGE = YES_ERROR;
				CLANG_WARN_DOCUMENTATION_COMMENTS = YES;
				CLANG_WARN_EMPTY_BODY = YES;
				CLANG_WARN_ENUM_CONVERSION = YES;
				CLANG_WARN_INFINITE_RECURSION = YES;
				CLANG_WARN_INT_CONVERSION = YES;
				CLANG_WARN_NON_LITERAL_NULL_CONVERSION = YES;
				CLANG_WARN_OBJC_IMPLICIT_RETAIN_SELF = YES;
				CLANG_WARN_OBJC_LITERAL_CONVERSION = YES;
				CLANG_WARN_OBJC_ROOT_CLASS = YES_ERROR;
				CLANG_WARN_QUOTED_INCLUDE_IN_FRAMEWORK_HEADER = YES;
				CLANG_WARN_RANGE_LOOP_ANALYSIS = YES;
				CLANG_WARN_STRICT_PROTOTYPES = YES;
				CLANG_WARN_SUSPICIOUS_MOVE = YES;
				CLANG_WARN_UNGUARDED_AVAILABILITY = YES_AGGRESSIVE;
				CLANG_WARN_UNREACHABLE_CODE = YES;
				CLANG_WARN__DUPLICATE_METHOD_MATCH = YES;
				COPY_PHASE_STRIP = NO;
				DEBUG_INFORMATION_FORMAT = dwarf;
				ENABLE_STRICT_OBJC_MSGSEND = YES;
				ENABLE_TESTABILITY = YES;
				GCC_C_LANGUAGE_STANDARD = gnu11;
				GCC_DYNAMIC_NO_PIC = NO;
				GCC_NO_COMMON_BLOCKS = YES;
				GCC_OPTIMIZATION_LEVEL = 0;
				GCC_PREPROCESSOR_DEFINITIONS = (
					"DEBUG=1",
					"$(inherited)",
				);
				GCC_WARN_64_TO_32_BIT_CONVERSION = YES;
				GCC_WARN_ABOUT_RETURN_TYPE = YES_ERROR;
				GCC_WARN_UNDECLARED_SELECTOR = YES;
				GCC_WARN_UNINITIALIZED_AUTOS = YES_AGGRESSIVE;
				GCC_WARN_UNUSED_FUNCTION = YES;
				GCC_WARN_UNUSED_VARIABLE = YES;
				IPHONEOS_DEPLOYMENT_TARGET = 16.0;
				MTL_ENABLE_DEBUG_INFO = INCLUDE_SOURCE;
				MTL_FAST_MATH = YES;
				ONLY_ACTIVE_ARCH = YES;
				SDKROOT = iphoneos;
				SWIFT_ACTIVE_COMPILATION_CONDITIONS = DEBUG;
				SWIFT_OPTIMIZATION_LEVEL = "-Onone";
			};
			name = Debug;
		};
		98D212CA290E596F00BA9347 /* Release */ = {
			isa = XCBuildConfiguration;
			buildSettings = {
				ALWAYS_SEARCH_USER_PATHS = NO;
				CLANG_ANALYZER_NONNULL = YES;
				CLANG_ANALYZER_NUMBER_OBJECT_CONVERSION = YES_AGGRESSIVE;
				CLANG_CXX_LANGUAGE_STANDARD = "gnu++20";
				CLANG_ENABLE_MODULES = YES;
				CLANG_ENABLE_OBJC_ARC = YES;
				CLANG_ENABLE_OBJC_WEAK = YES;
				CLANG_WARN_BLOCK_CAPTURE_AUTORELEASING = YES;
				CLANG_WARN_BOOL_CONVERSION = YES;
				CLANG_WARN_COMMA = YES;
				CLANG_WARN_CONSTANT_CONVERSION = YES;
				CLANG_WARN_DEPRECATED_OBJC_IMPLEMENTATIONS = YES;
				CLANG_WARN_DIRECT_OBJC_ISA_USAGE = YES_ERROR;
				CLANG_WARN_DOCUMENTATION_COMMENTS = YES;
				CLANG_WARN_EMPTY_BODY = YES;
				CLANG_WARN_ENUM_CONVERSION = YES;
				CLANG_WARN_INFINITE_RECURSION = YES;
				CLANG_WARN_INT_CONVERSION = YES;
				CLANG_WARN_NON_LITERAL_NULL_CONVERSION = YES;
				CLANG_WARN_OBJC_IMPLICIT_RETAIN_SELF = YES;
				CLANG_WARN_OBJC_LITERAL_CONVERSION = YES;
				CLANG_WARN_OBJC_ROOT_CLASS = YES_ERROR;
				CLANG_WARN_QUOTED_INCLUDE_IN_FRAMEWORK_HEADER = YES;
				CLANG_WARN_RANGE_LOOP_ANALYSIS = YES;
				CLANG_WARN_STRICT_PROTOTYPES = YES;
				CLANG_WARN_SUSPICIOUS_MOVE = YES;
				CLANG_WARN_UNGUARDED_AVAILABILITY = YES_AGGRESSIVE;
				CLANG_WARN_UNREACHABLE_CODE = YES;
				CLANG_WARN__DUPLICATE_METHOD_MATCH = YES;
				COPY_PHASE_STRIP = NO;
				DEBUG_INFORMATION_FORMAT = "dwarf-with-dsym";
				ENABLE_NS_ASSERTIONS = NO;
				ENABLE_STRICT_OBJC_MSGSEND = YES;
				GCC_C_LANGUAGE_STANDARD = gnu11;
				GCC_NO_COMMON_BLOCKS = YES;
				GCC_WARN_64_TO_32_BIT_CONVERSION = YES;
				GCC_WARN_ABOUT_RETURN_TYPE = YES_ERROR;
				GCC_WARN_UNDECLARED_SELECTOR = YES;
				GCC_WARN_UNINITIALIZED_AUTOS = YES_AGGRESSIVE;
				GCC_WARN_UNUSED_FUNCTION = YES;
				GCC_WARN_UNUSED_VARIABLE = YES;
				IPHONEOS_DEPLOYMENT_TARGET = 16.0;
				MTL_ENABLE_DEBUG_INFO = NO;
				MTL_FAST_MATH = YES;
				SDKROOT = iphoneos;
				SWIFT_COMPILATION_MODE = wholemodule;
				SWIFT_OPTIMIZATION_LEVEL = "-O";
				VALIDATE_PRODUCT = YES;
			};
			name = Release;
		};
		98D212CC290E596F00BA9347 /* Debug */ = {
			isa = XCBuildConfiguration;
			baseConfigurationReference = F77E42598519BE3FBFDFF332 /* Pods-TravelAI.debug.xcconfig */;
			buildSettings = {
				ASSETCATALOG_COMPILER_APPICON_NAME = AppIcon;
				ASSETCATALOG_COMPILER_GLOBAL_ACCENT_COLOR_NAME = AccentColor;
				CODE_SIGN_ENTITLEMENTS = TravelAI/TravelAI.entitlements;
				CODE_SIGN_IDENTITY = "Apple Development";
				"CODE_SIGN_IDENTITY[sdk=iphoneos*]" = "iPhone Developer";
				CODE_SIGN_STYLE = Manual;
				CURRENT_PROJECT_VERSION = 1;
				DEVELOPMENT_TEAM = "";
				"DEVELOPMENT_TEAM[sdk=iphoneos*]" = G3CNJ2D3YX;
				GENERATE_INFOPLIST_FILE = YES;
				INFOPLIST_FILE = TravelAI/Info.plist;
				INFOPLIST_KEY_UIApplicationSupportsIndirectInputEvents = YES;
				INFOPLIST_KEY_UILaunchStoryboardName = LaunchScreen;
				INFOPLIST_KEY_UISupportedInterfaceOrientations_iPad = "UIInterfaceOrientationPortrait UIInterfaceOrientationPortraitUpsideDown UIInterfaceOrientationLandscapeLeft UIInterfaceOrientationLandscapeRight";
				INFOPLIST_KEY_UISupportedInterfaceOrientations_iPhone = "UIInterfaceOrientationPortrait UIInterfaceOrientationLandscapeLeft UIInterfaceOrientationLandscapeRight";
				LD_RUNPATH_SEARCH_PATHS = (
					"$(inherited)",
					"@executable_path/Frameworks",
				);
				MARKETING_VERSION = 1.0;
				PRODUCT_BUNDLE_IDENTIFIER = com.YANG.TravelAI;
				PRODUCT_NAME = "$(TARGET_NAME)";
				PROVISIONING_PROFILE_SPECIFIER = "";
				"PROVISIONING_PROFILE_SPECIFIER[sdk=iphoneos*]" = TravelAI;
				SWIFT_EMIT_LOC_STRINGS = YES;
				SWIFT_VERSION = 5.0;
				TARGETED_DEVICE_FAMILY = "1,2";
			};
			name = Debug;
		};
		98D212CD290E596F00BA9347 /* Release */ = {
			isa = XCBuildConfiguration;
			baseConfigurationReference = A84CC69BAE3383E60C3B55A0 /* Pods-TravelAI.release.xcconfig */;
			buildSettings = {
				ASSETCATALOG_COMPILER_APPICON_NAME = AppIcon;
				ASSETCATALOG_COMPILER_GLOBAL_ACCENT_COLOR_NAME = AccentColor;
				CODE_SIGN_ENTITLEMENTS = TravelAI/TravelAI.entitlements;
				CODE_SIGN_IDENTITY = "Apple Development";
				"CODE_SIGN_IDENTITY[sdk=iphoneos*]" = "iPhone Developer";
				CODE_SIGN_STYLE = Manual;
				CURRENT_PROJECT_VERSION = 1;
				DEVELOPMENT_TEAM = "";
				"DEVELOPMENT_TEAM[sdk=iphoneos*]" = G3CNJ2D3YX;
				GENERATE_INFOPLIST_FILE = YES;
				INFOPLIST_FILE = TravelAI/Info.plist;
				INFOPLIST_KEY_UIApplicationSupportsIndirectInputEvents = YES;
				INFOPLIST_KEY_UILaunchStoryboardName = LaunchScreen;
				INFOPLIST_KEY_UISupportedInterfaceOrientations_iPad = "UIInterfaceOrientationPortrait UIInterfaceOrientationPortraitUpsideDown UIInterfaceOrientationLandscapeLeft UIInterfaceOrientationLandscapeRight";
				INFOPLIST_KEY_UISupportedInterfaceOrientations_iPhone = "UIInterfaceOrientationPortrait UIInterfaceOrientationLandscapeLeft UIInterfaceOrientationLandscapeRight";
				LD_RUNPATH_SEARCH_PATHS = (
					"$(inherited)",
					"@executable_path/Frameworks",
				);
				MARKETING_VERSION = 1.0;
				PRODUCT_BUNDLE_IDENTIFIER = com.YANG.TravelAI;
				PRODUCT_NAME = "$(TARGET_NAME)";
				PROVISIONING_PROFILE_SPECIFIER = "";
				"PROVISIONING_PROFILE_SPECIFIER[sdk=iphoneos*]" = TravelAI;
				SWIFT_EMIT_LOC_STRINGS = YES;
				SWIFT_VERSION = 5.0;
				TARGETED_DEVICE_FAMILY = "1,2";
			};
			name = Release;
		};
		98D212CF290E596F00BA9347 /* Debug */ = {
			isa = XCBuildConfiguration;
			baseConfigurationReference = B5060201C859DD5502B964A6 /* Pods-TravelAITests.debug.xcconfig */;
			buildSettings = {
				ALWAYS_EMBED_SWIFT_STANDARD_LIBRARIES = YES;
				BUNDLE_LOADER = "$(TEST_HOST)";
				CODE_SIGN_STYLE = Automatic;
				CURRENT_PROJECT_VERSION = 1;
				DEVELOPMENT_TEAM = U2SM57XQVW;
				GENERATE_INFOPLIST_FILE = YES;
				IPHONEOS_DEPLOYMENT_TARGET = 16.0;
				MARKETING_VERSION = 1.0;
				PRODUCT_BUNDLE_IDENTIFIER = com.YANG.TravelAI.TravelAITests;
				PRODUCT_NAME = "$(TARGET_NAME)";
				SWIFT_EMIT_LOC_STRINGS = NO;
				SWIFT_VERSION = 5.0;
				TARGETED_DEVICE_FAMILY = "1,2";
				TEST_HOST = "$(BUILT_PRODUCTS_DIR)/TravelAI.app/$(BUNDLE_EXECUTABLE_FOLDER_PATH)/TravelAI";
			};
			name = Debug;
		};
		98D212D0290E596F00BA9347 /* Release */ = {
			isa = XCBuildConfiguration;
			baseConfigurationReference = A63C59D12C55A1DE404D4CF0 /* Pods-TravelAITests.release.xcconfig */;
			buildSettings = {
				ALWAYS_EMBED_SWIFT_STANDARD_LIBRARIES = YES;
				BUNDLE_LOADER = "$(TEST_HOST)";
				CODE_SIGN_STYLE = Automatic;
				CURRENT_PROJECT_VERSION = 1;
				DEVELOPMENT_TEAM = U2SM57XQVW;
				GENERATE_INFOPLIST_FILE = YES;
				IPHONEOS_DEPLOYMENT_TARGET = 16.0;
				MARKETING_VERSION = 1.0;
				PRODUCT_BUNDLE_IDENTIFIER = com.YANG.TravelAI.TravelAITests;
				PRODUCT_NAME = "$(TARGET_NAME)";
				SWIFT_EMIT_LOC_STRINGS = NO;
				SWIFT_VERSION = 5.0;
				TARGETED_DEVICE_FAMILY = "1,2";
				TEST_HOST = "$(BUILT_PRODUCTS_DIR)/TravelAI.app/$(BUNDLE_EXECUTABLE_FOLDER_PATH)/TravelAI";
			};
			name = Release;
		};
		98D212D2290E596F00BA9347 /* Debug */ = {
			isa = XCBuildConfiguration;
			baseConfigurationReference = 4A77AFF0FC5FBBC22DC79865 /* Pods-TravelAI-TravelAIUITests.debug.xcconfig */;
			buildSettings = {
				ALWAYS_EMBED_SWIFT_STANDARD_LIBRARIES = YES;
				CODE_SIGN_STYLE = Automatic;
				CURRENT_PROJECT_VERSION = 1;
				DEVELOPMENT_TEAM = U2SM57XQVW;
				GENERATE_INFOPLIST_FILE = YES;
				MARKETING_VERSION = 1.0;
				PRODUCT_BUNDLE_IDENTIFIER = com.YANG.TravelAI.TravelAIUITests;
				PRODUCT_NAME = "$(TARGET_NAME)";
				SWIFT_EMIT_LOC_STRINGS = NO;
				SWIFT_VERSION = 5.0;
				TARGETED_DEVICE_FAMILY = "1,2";
				TEST_TARGET_NAME = TravelAI;
			};
			name = Debug;
		};
		98D212D3290E596F00BA9347 /* Release */ = {
			isa = XCBuildConfiguration;
			baseConfigurationReference = 08594CE86AF11279A97F8E8E /* Pods-TravelAI-TravelAIUITests.release.xcconfig */;
			buildSettings = {
				ALWAYS_EMBED_SWIFT_STANDARD_LIBRARIES = YES;
				CODE_SIGN_STYLE = Automatic;
				CURRENT_PROJECT_VERSION = 1;
				DEVELOPMENT_TEAM = U2SM57XQVW;
				GENERATE_INFOPLIST_FILE = YES;
				MARKETING_VERSION = 1.0;
				PRODUCT_BUNDLE_IDENTIFIER = com.YANG.TravelAI.TravelAIUITests;
				PRODUCT_NAME = "$(TARGET_NAME)";
				SWIFT_EMIT_LOC_STRINGS = NO;
				SWIFT_VERSION = 5.0;
				TARGETED_DEVICE_FAMILY = "1,2";
				TEST_TARGET_NAME = TravelAI;
			};
			name = Release;
		};
/* End XCBuildConfiguration section */

/* Begin XCConfigurationList section */
		98D2129C290E596E00BA9347 /* Build configuration list for PBXProject "TravelAI" */ = {
			isa = XCConfigurationList;
			buildConfigurations = (
				98D212C9290E596F00BA9347 /* Debug */,
				98D212CA290E596F00BA9347 /* Release */,
			);
			defaultConfigurationIsVisible = 0;
			defaultConfigurationName = Release;
		};
		98D212CB290E596F00BA9347 /* Build configuration list for PBXNativeTarget "TravelAI" */ = {
			isa = XCConfigurationList;
			buildConfigurations = (
				98D212CC290E596F00BA9347 /* Debug */,
				98D212CD290E596F00BA9347 /* Release */,
			);
			defaultConfigurationIsVisible = 0;
			defaultConfigurationName = Release;
		};
		98D212CE290E596F00BA9347 /* Build configuration list for PBXNativeTarget "TravelAITests" */ = {
			isa = XCConfigurationList;
			buildConfigurations = (
				98D212CF290E596F00BA9347 /* Debug */,
				98D212D0290E596F00BA9347 /* Release */,
			);
			defaultConfigurationIsVisible = 0;
			defaultConfigurationName = Release;
		};
		98D212D1290E596F00BA9347 /* Build configuration list for PBXNativeTarget "TravelAIUITests" */ = {
			isa = XCConfigurationList;
			buildConfigurations = (
				98D212D2290E596F00BA9347 /* Debug */,
				98D212D3290E596F00BA9347 /* Release */,
			);
			defaultConfigurationIsVisible = 0;
			defaultConfigurationName = Release;
		};
/* End XCConfigurationList section */

/* Begin XCRemoteSwiftPackageReference section */
		9804A84E290EA8E8005FF882 /* XCRemoteSwiftPackageReference "Kingfisher" */ = {
			isa = XCRemoteSwiftPackageReference;
			repositoryURL = "https://github.com/onevcat/Kingfisher.git";
			requirement = {
				kind = upToNextMajorVersion;
				minimumVersion = 7.0.0;
			};
		};
		98D8ED63290E6300005BD060 /* XCRemoteSwiftPackageReference "SnapKit" */ = {
			isa = XCRemoteSwiftPackageReference;
			repositoryURL = "https://github.com/SnapKit/SnapKit.git";
			requirement = {
				branch = develop;
				kind = branch;
			};
		};
		98D8ED66290E6333005BD060 /* XCRemoteSwiftPackageReference "RxSwift" */ = {
			isa = XCRemoteSwiftPackageReference;
			repositoryURL = "https://github.com/ReactiveX/RxSwift";
			requirement = {
				branch = main;
				kind = branch;
			};
		};
/* End XCRemoteSwiftPackageReference section */

/* Begin XCSwiftPackageProductDependency section */
		9804A84F290EA8E8005FF882 /* Kingfisher */ = {
			isa = XCSwiftPackageProductDependency;
			package = 9804A84E290EA8E8005FF882 /* XCRemoteSwiftPackageReference "Kingfisher" */;
			productName = Kingfisher;
		};
		98D8ED64290E6300005BD060 /* SnapKit */ = {
			isa = XCSwiftPackageProductDependency;
			package = 98D8ED63290E6300005BD060 /* XCRemoteSwiftPackageReference "SnapKit" */;
			productName = SnapKit;
		};
		98D8ED67290E6333005BD060 /* RxCocoa */ = {
			isa = XCSwiftPackageProductDependency;
			package = 98D8ED66290E6333005BD060 /* XCRemoteSwiftPackageReference "RxSwift" */;
			productName = RxCocoa;
		};
		98D8ED69290E6333005BD060 /* RxSwift */ = {
			isa = XCSwiftPackageProductDependency;
			package = 98D8ED66290E6333005BD060 /* XCRemoteSwiftPackageReference "RxSwift" */;
			productName = RxSwift;
		};
/* End XCSwiftPackageProductDependency section */
	};
	rootObject = 98D21299290E596E00BA9347 /* Project object */;
}
