// !$*UTF8*$!
{
	archiveVersion = 1;
	classes = {
	};
	objectVersion = 56;
	objects = {

/* Begin PBXBuildFile section */
		98D212A5290E596E00BA9347 /* AppDelegate.swift in Sources */ = {isa = PBXBuildFile; fileRef = 98D212A4290E596E00BA9347 /* AppDelegate.swift */; };
		98D212A7290E596E00BA9347 /* SceneDelegate.swift in Sources */ = {isa = PBXBuildFile; fileRef = 98D212A6290E596E00BA9347 /* SceneDelegate.swift */; };
		98D212A9290E596E00BA9347 /* ViewController.swift in Sources */ = {isa = PBXBuildFile; fileRef = 98D212A8290E596E00BA9347 /* ViewController.swift */; };
		98D212AE290E596F00BA9347 /* Assets.xcassets in Resources */ = {isa = PBXBuildFile; fileRef = 98D212AD290E596F00BA9347 /* Assets.xcassets */; };
		98D212B1290E596F00BA9347 /* LaunchScreen.storyboard in Resources */ = {isa = PBXBuildFile; fileRef = 98D212AF290E596F00BA9347 /* LaunchScreen.storyboard */; };
		98D212BC290E596F00BA9347 /* TravelAITests.swift in Sources */ = {isa = PBXBuildFile; fileRef = 98D212BB290E596F00BA9347 /* TravelAITests.swift */; };
		98D212C6290E596F00BA9347 /* TravelAIUITests.swift in Sources */ = {isa = PBXBuildFile; fileRef = 98D212C5290E596F00BA9347 /* TravelAIUITests.swift */; };
		98D212C8290E596F00BA9347 /* TravelAIUITestsLaunchTests.swift in Sources */ = {isa = PBXBuildFile; fileRef = 98D212C7290E596F00BA9347 /* TravelAIUITestsLaunchTests.swift */; };
		98D8ED65290E6300005BD060 /* SnapKit in Frameworks */ = {isa = PBXBuildFile; productRef = 98D8ED64290E6300005BD060 /* SnapKit */; };
		98D8ED68290E6333005BD060 /* RxCocoa in Frameworks */ = {isa = PBXBuildFile; productRef = 98D8ED67290E6333005BD060 /* RxCocoa */; };
		98D8ED6A290E6333005BD060 /* RxSwift in Frameworks */ = {isa = PBXBuildFile; productRef = 98D8ED69290E6333005BD060 /* RxSwift */; };
		98D8ED6D290E63AA005BD060 /* TabBarItem.swift in Sources */ = {isa = PBXBuildFile; fileRef = 98D8ED6B290E63AA005BD060 /* TabBarItem.swift */; };
		98D8ED6E290E63AA005BD060 /* TabBarViewController.swift in Sources */ = {isa = PBXBuildFile; fileRef = 98D8ED6C290E63AA005BD060 /* TabBarViewController.swift */; };
		98D8ED71290E6479005BD060 /* LogInViewController.swift in Sources */ = {isa = PBXBuildFile; fileRef = 98D8ED70290E6479005BD060 /* LogInViewController.swift */; };
		98D8ED74290E6A48005BD060 /* FirebaseAnalytics in Frameworks */ = {isa = PBXBuildFile; productRef = 98D8ED73290E6A48005BD060 /* FirebaseAnalytics */; };
		98D8ED76290E6D93005BD060 /* GoogleService-Info.plist in Resources */ = {isa = PBXBuildFile; fileRef = 98D8ED75290E6D93005BD060 /* GoogleService-Info.plist */; };
		98D8ED78290E6DF7005BD060 /* ASAuthorizationControllerProxy.swift in Sources */ = {isa = PBXBuildFile; fileRef = 98D8ED77290E6DF7005BD060 /* ASAuthorizationControllerProxy.swift */; };
		98D8ED7B290E6E24005BD060 /* AuthenticationServices+Rx.swift in Sources */ = {isa = PBXBuildFile; fileRef = 98D8ED7A290E6E24005BD060 /* AuthenticationServices+Rx.swift */; };
/* End PBXBuildFile section */

/* Begin PBXContainerItemProxy section */
		98D212B8290E596F00BA9347 /* PBXContainerItemProxy */ = {
			isa = PBXContainerItemProxy;
			containerPortal = 98D21299290E596E00BA9347 /* Project object */;
			proxyType = 1;
			remoteGlobalIDString = 98D212A0290E596E00BA9347;
			remoteInfo = TravelAI;
		};
		98D212C2290E596F00BA9347 /* PBXContainerItemProxy */ = {
			isa = PBXContainerItemProxy;
			containerPortal = 98D21299290E596E00BA9347 /* Project object */;
			proxyType = 1;
			remoteGlobalIDString = 98D212A0290E596E00BA9347;
			remoteInfo = TravelAI;
		};
/* End PBXContainerItemProxy section */

/* Begin PBXFileReference section */
		98D212A1290E596E00BA9347 /* TravelAI.app */ = {isa = PBXFileReference; explicitFileType = wrapper.application; includeInIndex = 0; path = TravelAI.app; sourceTree = BUILT_PRODUCTS_DIR; };
		98D212A4290E596E00BA9347 /* AppDelegate.swift */ = {isa = PBXFileReference; lastKnownFileType = sourcecode.swift; path = AppDelegate.swift; sourceTree = "<group>"; };
		98D212A6290E596E00BA9347 /* SceneDelegate.swift */ = {isa = PBXFileReference; lastKnownFileType = sourcecode.swift; path = SceneDelegate.swift; sourceTree = "<group>"; };
		98D212A8290E596E00BA9347 /* ViewController.swift */ = {isa = PBXFileReference; lastKnownFileType = sourcecode.swift; path = ViewController.swift; sourceTree = "<group>"; };
		98D212AD290E596F00BA9347 /* Assets.xcassets */ = {isa = PBXFileReference; lastKnownFileType = folder.assetcatalog; path = Assets.xcassets; sourceTree = "<group>"; };
		98D212B0290E596F00BA9347 /* Base */ = {isa = PBXFileReference; lastKnownFileType = file.storyboard; name = Base; path = Base.lproj/LaunchScreen.storyboard; sourceTree = "<group>"; };
		98D212B2290E596F00BA9347 /* Info.plist */ = {isa = PBXFileReference; lastKnownFileType = text.plist.xml; path = Info.plist; sourceTree = "<group>"; };
		98D212B7290E596F00BA9347 /* TravelAITests.xctest */ = {isa = PBXFileReference; explicitFileType = wrapper.cfbundle; includeInIndex = 0; path = TravelAITests.xctest; sourceTree = BUILT_PRODUCTS_DIR; };
		98D212BB290E596F00BA9347 /* TravelAITests.swift */ = {isa = PBXFileReference; lastKnownFileType = sourcecode.swift; path = TravelAITests.swift; sourceTree = "<group>"; };
		98D212C1290E596F00BA9347 /* TravelAIUITests.xctest */ = {isa = PBXFileReference; explicitFileType = wrapper.cfbundle; includeInIndex = 0; path = TravelAIUITests.xctest; sourceTree = BUILT_PRODUCTS_DIR; };
		98D212C5290E596F00BA9347 /* TravelAIUITests.swift */ = {isa = PBXFileReference; lastKnownFileType = sourcecode.swift; path = TravelAIUITests.swift; sourceTree = "<group>"; };
		98D212C7290E596F00BA9347 /* TravelAIUITestsLaunchTests.swift */ = {isa = PBXFileReference; lastKnownFileType = sourcecode.swift; path = TravelAIUITestsLaunchTests.swift; sourceTree = "<group>"; };
		98D8ED6B290E63AA005BD060 /* TabBarItem.swift */ = {isa = PBXFileReference; fileEncoding = 4; lastKnownFileType = sourcecode.swift; path = TabBarItem.swift; sourceTree = "<group>"; };
		98D8ED6C290E63AA005BD060 /* TabBarViewController.swift */ = {isa = PBXFileReference; fileEncoding = 4; lastKnownFileType = sourcecode.swift; path = TabBarViewController.swift; sourceTree = "<group>"; };
		98D8ED70290E6479005BD060 /* LogInViewController.swift */ = {isa = PBXFileReference; lastKnownFileType = sourcecode.swift; path = LogInViewController.swift; sourceTree = "<group>"; };
		98D8ED75290E6D93005BD060 /* GoogleService-Info.plist */ = {isa = PBXFileReference; fileEncoding = 4; lastKnownFileType = text.plist.xml; path = "GoogleService-Info.plist"; sourceTree = "<group>"; };
		98D8ED77290E6DF7005BD060 /* ASAuthorizationControllerProxy.swift */ = {isa = PBXFileReference; lastKnownFileType = sourcecode.swift; path = ASAuthorizationControllerProxy.swift; sourceTree = "<group>"; };
		98D8ED7A290E6E24005BD060 /* AuthenticationServices+Rx.swift */ = {isa = PBXFileReference; lastKnownFileType = sourcecode.swift; path = "AuthenticationServices+Rx.swift"; sourceTree = "<group>"; };
		98D8ED7C290E715D005BD060 /* TravelAI.entitlements */ = {isa = PBXFileReference; lastKnownFileType = text.plist.entitlements; path = TravelAI.entitlements; sourceTree = "<group>"; };
/* End PBXFileReference section */

/* Begin PBXFrameworksBuildPhase section */
		98D2129E290E596E00BA9347 /* Frameworks */ = {
			isa = PBXFrameworksBuildPhase;
			buildActionMask = 2147483647;
			files = (
				98D8ED6A290E6333005BD060 /* RxSwift in Frameworks */,
				98D8ED68290E6333005BD060 /* RxCocoa in Frameworks */,
				98D8ED74290E6A48005BD060 /* FirebaseAnalytics in Frameworks */,
				98D8ED65290E6300005BD060 /* SnapKit in Frameworks */,
			);
			runOnlyForDeploymentPostprocessing = 0;
		};
		98D212B4290E596F00BA9347 /* Frameworks */ = {
			isa = PBXFrameworksBuildPhase;
			buildActionMask = 2147483647;
			files = (
			);
			runOnlyForDeploymentPostprocessing = 0;
		};
		98D212BE290E596F00BA9347 /* Frameworks */ = {
			isa = PBXFrameworksBuildPhase;
			buildActionMask = 2147483647;
			files = (
			);
			runOnlyForDeploymentPostprocessing = 0;
		};
/* End PBXFrameworksBuildPhase section */

/* Begin PBXGroup section */
		98D21298290E596E00BA9347 = {
			isa = PBXGroup;
			children = (
				98D212A3290E596E00BA9347 /* TravelAI */,
				98D212BA290E596F00BA9347 /* TravelAITests */,
				98D212C4290E596F00BA9347 /* TravelAIUITests */,
				98D212A2290E596E00BA9347 /* Products */,
			);
			sourceTree = "<group>";
		};
		98D212A2290E596E00BA9347 /* Products */ = {
			isa = PBXGroup;
			children = (
				98D212A1290E596E00BA9347 /* TravelAI.app */,
				98D212B7290E596F00BA9347 /* TravelAITests.xctest */,
				98D212C1290E596F00BA9347 /* TravelAIUITests.xctest */,
			);
			name = Products;
			sourceTree = "<group>";
		};
		98D212A3290E596E00BA9347 /* TravelAI */ = {
			isa = PBXGroup;
			children = (
				98D8ED7C290E715D005BD060 /* TravelAI.entitlements */,
				98D8ED75290E6D93005BD060 /* GoogleService-Info.plist */,
				98D8ED6F290E63B4005BD060 /* TabBar */,
				98D212A4290E596E00BA9347 /* AppDelegate.swift */,
				98D212A6290E596E00BA9347 /* SceneDelegate.swift */,
				98D212A8290E596E00BA9347 /* ViewController.swift */,
				98D212AD290E596F00BA9347 /* Assets.xcassets */,
				98D212AF290E596F00BA9347 /* LaunchScreen.storyboard */,
				98D212B2290E596F00BA9347 /* Info.plist */,
				98D8ED79290E6E0D005BD060 /* Login */,
			);
			path = TravelAI;
			sourceTree = "<group>";
		};
		98D212BA290E596F00BA9347 /* TravelAITests */ = {
			isa = PBXGroup;
			children = (
				98D212BB290E596F00BA9347 /* TravelAITests.swift */,
			);
			path = TravelAITests;
			sourceTree = "<group>";
		};
		98D212C4290E596F00BA9347 /* TravelAIUITests */ = {
			isa = PBXGroup;
			children = (
				98D212C5290E596F00BA9347 /* TravelAIUITests.swift */,
				98D212C7290E596F00BA9347 /* TravelAIUITestsLaunchTests.swift */,
			);
			path = TravelAIUITests;
			sourceTree = "<group>";
		};
		98D8ED6F290E63B4005BD060 /* TabBar */ = {
			isa = PBXGroup;
			children = (
				98D8ED6B290E63AA005BD060 /* TabBarItem.swift */,
				98D8ED6C290E63AA005BD060 /* TabBarViewController.swift */,
			);
			path = TabBar;
			sourceTree = "<group>";
		};
		98D8ED79290E6E0D005BD060 /* Login */ = {
			isa = PBXGroup;
			children = (
				98D8ED70290E6479005BD060 /* LogInViewController.swift */,
				98D8ED77290E6DF7005BD060 /* ASAuthorizationControllerProxy.swift */,
				98D8ED7A290E6E24005BD060 /* AuthenticationServices+Rx.swift */,
			);
			path = Login;
			sourceTree = "<group>";
		};
/* End PBXGroup section */

/* Begin PBXNativeTarget section */
		98D212A0290E596E00BA9347 /* TravelAI */ = {
			isa = PBXNativeTarget;
			buildConfigurationList = 98D212CB290E596F00BA9347 /* Build configuration list for PBXNativeTarget "TravelAI" */;
			buildPhases = (
				98D2129D290E596E00BA9347 /* Sources */,
				98D2129E290E596E00BA9347 /* Frameworks */,
				98D2129F290E596E00BA9347 /* Resources */,
			);
			buildRules = (
			);
			dependencies = (
			);
			name = TravelAI;
			packageProductDependencies = (
				98D8ED64290E6300005BD060 /* SnapKit */,
				98D8ED67290E6333005BD060 /* RxCocoa */,
				98D8ED69290E6333005BD060 /* RxSwift */,
				98D8ED73290E6A48005BD060 /* FirebaseAnalytics */,
			);
			productName = TravelAI;
			productReference = 98D212A1290E596E00BA9347 /* TravelAI.app */;
			productType = "com.apple.product-type.application";
		};
		98D212B6290E596F00BA9347 /* TravelAITests */ = {
			isa = PBXNativeTarget;
			buildConfigurationList = 98D212CE290E596F00BA9347 /* Build configuration list for PBXNativeTarget "TravelAITests" */;
			buildPhases = (
				98D212B3290E596F00BA9347 /* Sources */,
				98D212B4290E596F00BA9347 /* Frameworks */,
				98D212B5290E596F00BA9347 /* Resources */,
			);
			buildRules = (
			);
			dependencies = (
				98D212B9290E596F00BA9347 /* PBXTargetDependency */,
			);
			name = TravelAITests;
			productName = TravelAITests;
			productReference = 98D212B7290E596F00BA9347 /* TravelAITests.xctest */;
			productType = "com.apple.product-type.bundle.unit-test";
		};
		98D212C0290E596F00BA9347 /* TravelAIUITests */ = {
			isa = PBXNativeTarget;
			buildConfigurationList = 98D212D1290E596F00BA9347 /* Build configuration list for PBXNativeTarget "TravelAIUITests" */;
			buildPhases = (
				98D212BD290E596F00BA9347 /* Sources */,
				98D212BE290E596F00BA9347 /* Frameworks */,
				98D212BF290E596F00BA9347 /* Resources */,
			);
			buildRules = (
			);
			dependencies = (
				98D212C3290E596F00BA9347 /* PBXTargetDependency */,
			);
			name = TravelAIUITests;
			productName = TravelAIUITests;
			productReference = 98D212C1290E596F00BA9347 /* TravelAIUITests.xctest */;
			productType = "com.apple.product-type.bundle.ui-testing";
		};
/* End PBXNativeTarget section */

/* Begin PBXProject section */
		98D21299290E596E00BA9347 /* Project object */ = {
			isa = PBXProject;
			attributes = {
				BuildIndependentTargetsInParallel = 1;
				LastSwiftUpdateCheck = 1400;
				LastUpgradeCheck = 1400;
				TargetAttributes = {
					98D212A0290E596E00BA9347 = {
						CreatedOnToolsVersion = 14.0.1;
					};
					98D212B6290E596F00BA9347 = {
						CreatedOnToolsVersion = 14.0.1;
						TestTargetID = 98D212A0290E596E00BA9347;
					};
					98D212C0290E596F00BA9347 = {
						CreatedOnToolsVersion = 14.0.1;
						TestTargetID = 98D212A0290E596E00BA9347;
					};
				};
			};
			buildConfigurationList = 98D2129C290E596E00BA9347 /* Build configuration list for PBXProject "TravelAI" */;
			compatibilityVersion = "Xcode 14.0";
			developmentRegion = en;
			hasScannedForEncodings = 0;
			knownRegions = (
				en,
				Base,
			);
			mainGroup = 98D21298290E596E00BA9347;
			packageReferences = (
				98D8ED63290E6300005BD060 /* XCRemoteSwiftPackageReference "SnapKit" */,
				98D8ED66290E6333005BD060 /* XCRemoteSwiftPackageReference "RxSwift" */,
				98D8ED72290E6A48005BD060 /* XCRemoteSwiftPackageReference "firebase-ios-sdk" */,
			);
			productRefGroup = 98D212A2290E596E00BA9347 /* Products */;
			projectDirPath = "";
			projectRoot = "";
			targets = (
				98D212A0290E596E00BA9347 /* TravelAI */,
				98D212B6290E596F00BA9347 /* TravelAITests */,
				98D212C0290E596F00BA9347 /* TravelAIUITests */,
			);
		};
/* End PBXProject section */

/* Begin PBXResourcesBuildPhase section */
		98D2129F290E596E00BA9347 /* Resources */ = {
			isa = PBXResourcesBuildPhase;
			buildActionMask = 2147483647;
			files = (
				98D212B1290E596F00BA9347 /* LaunchScreen.storyboard in Resources */,
				98D212AE290E596F00BA9347 /* Assets.xcassets in Resources */,
				98D8ED76290E6D93005BD060 /* GoogleService-Info.plist in Resources */,
			);
			runOnlyForDeploymentPostprocessing = 0;
		};
		98D212B5290E596F00BA9347 /* Resources */ = {
			isa = PBXResourcesBuildPhase;
			buildActionMask = 2147483647;
			files = (
			);
			runOnlyForDeploymentPostprocessing = 0;
		};
		98D212BF290E596F00BA9347 /* Resources */ = {
			isa = PBXResourcesBuildPhase;
			buildActionMask = 2147483647;
			files = (
			);
			runOnlyForDeploymentPostprocessing = 0;
		};
/* End PBXResourcesBuildPhase section */

/* Begin PBXSourcesBuildPhase section */
		98D2129D290E596E00BA9347 /* Sources */ = {
			isa = PBXSourcesBuildPhase;
			buildActionMask = 2147483647;
			files = (
				98D212A9290E596E00BA9347 /* ViewController.swift in Sources */,
				98D212A5290E596E00BA9347 /* AppDelegate.swift in Sources */,
				98D8ED71290E6479005BD060 /* LogInViewController.swift in Sources */,
				98D8ED7B290E6E24005BD060 /* AuthenticationServices+Rx.swift in Sources */,
				98D8ED6D290E63AA005BD060 /* TabBarItem.swift in Sources */,
				98D8ED6E290E63AA005BD060 /* TabBarViewController.swift in Sources */,
				98D8ED78290E6DF7005BD060 /* ASAuthorizationControllerProxy.swift in Sources */,
				98D212A7290E596E00BA9347 /* SceneDelegate.swift in Sources */,
			);
			runOnlyForDeploymentPostprocessing = 0;
		};
		98D212B3290E596F00BA9347 /* Sources */ = {
			isa = PBXSourcesBuildPhase;
			buildActionMask = 2147483647;
			files = (
				98D212BC290E596F00BA9347 /* TravelAITests.swift in Sources */,
			);
			runOnlyForDeploymentPostprocessing = 0;
		};
		98D212BD290E596F00BA9347 /* Sources */ = {
			isa = PBXSourcesBuildPhase;
			buildActionMask = 2147483647;
			files = (
				98D212C8290E596F00BA9347 /* TravelAIUITestsLaunchTests.swift in Sources */,
				98D212C6290E596F00BA9347 /* TravelAIUITests.swift in Sources */,
			);
			runOnlyForDeploymentPostprocessing = 0;
		};
/* End PBXSourcesBuildPhase section */

/* Begin PBXTargetDependency section */
		98D212B9290E596F00BA9347 /* PBXTargetDependency */ = {
			isa = PBXTargetDependency;
			target = 98D212A0290E596E00BA9347 /* TravelAI */;
			targetProxy = 98D212B8290E596F00BA9347 /* PBXContainerItemProxy */;
		};
		98D212C3290E596F00BA9347 /* PBXTargetDependency */ = {
			isa = PBXTargetDependency;
			target = 98D212A0290E596E00BA9347 /* TravelAI */;
			targetProxy = 98D212C2290E596F00BA9347 /* PBXContainerItemProxy */;
		};
/* End PBXTargetDependency section */

/* Begin PBXVariantGroup section */
		98D212AF290E596F00BA9347 /* LaunchScreen.storyboard */ = {
			isa = PBXVariantGroup;
			children = (
				98D212B0290E596F00BA9347 /* Base */,
			);
			name = LaunchScreen.storyboard;
			sourceTree = "<group>";
		};
/* End PBXVariantGroup section */

/* Begin XCBuildConfiguration section */
		98D212C9290E596F00BA9347 /* Debug */ = {
			isa = XCBuildConfiguration;
			buildSettings = {
				ALWAYS_SEARCH_USER_PATHS = NO;
				CLANG_ANALYZER_NONNULL = YES;
				CLANG_ANALYZER_NUMBER_OBJECT_CONVERSION = YES_AGGRESSIVE;
				CLANG_CXX_LANGUAGE_STANDARD = "gnu++20";
				CLANG_ENABLE_MODULES = YES;
				CLANG_ENABLE_OBJC_ARC = YES;
				CLANG_ENABLE_OBJC_WEAK = YES;
				CLANG_WARN_BLOCK_CAPTURE_AUTORELEASING = YES;
				CLANG_WARN_BOOL_CONVERSION = YES;
				CLANG_WARN_COMMA = YES;
				CLANG_WARN_CONSTANT_CONVERSION = YES;
				CLANG_WARN_DEPRECATED_OBJC_IMPLEMENTATIONS = YES;
				CLANG_WARN_DIRECT_OBJC_ISA_USAGE = YES_ERROR;
				CLANG_WARN_DOCUMENTATION_COMMENTS = YES;
				CLANG_WARN_EMPTY_BODY = YES;
				CLANG_WARN_ENUM_CONVERSION = YES;
				CLANG_WARN_INFINITE_RECURSION = YES;
				CLANG_WARN_INT_CONVERSION = YES;
				CLANG_WARN_NON_LITERAL_NULL_CONVERSION = YES;
				CLANG_WARN_OBJC_IMPLICIT_RETAIN_SELF = YES;
				CLANG_WARN_OBJC_LITERAL_CONVERSION = YES;
				CLANG_WARN_OBJC_ROOT_CLASS = YES_ERROR;
				CLANG_WARN_QUOTED_INCLUDE_IN_FRAMEWORK_HEADER = YES;
				CLANG_WARN_RANGE_LOOP_ANALYSIS = YES;
				CLANG_WARN_STRICT_PROTOTYPES = YES;
				CLANG_WARN_SUSPICIOUS_MOVE = YES;
				CLANG_WARN_UNGUARDED_AVAILABILITY = YES_AGGRESSIVE;
				CLANG_WARN_UNREACHABLE_CODE = YES;
				CLANG_WARN__DUPLICATE_METHOD_MATCH = YES;
				COPY_PHASE_STRIP = NO;
				DEBUG_INFORMATION_FORMAT = dwarf;
				ENABLE_STRICT_OBJC_MSGSEND = YES;
				ENABLE_TESTABILITY = YES;
				GCC_C_LANGUAGE_STANDARD = gnu11;
				GCC_DYNAMIC_NO_PIC = NO;
				GCC_NO_COMMON_BLOCKS = YES;
				GCC_OPTIMIZATION_LEVEL = 0;
				GCC_PREPROCESSOR_DEFINITIONS = (
					"DEBUG=1",
					"$(inherited)",
				);
				GCC_WARN_64_TO_32_BIT_CONVERSION = YES;
				GCC_WARN_ABOUT_RETURN_TYPE = YES_ERROR;
				GCC_WARN_UNDECLARED_SELECTOR = YES;
				GCC_WARN_UNINITIALIZED_AUTOS = YES_AGGRESSIVE;
				GCC_WARN_UNUSED_FUNCTION = YES;
				GCC_WARN_UNUSED_VARIABLE = YES;
				IPHONEOS_DEPLOYMENT_TARGET = 16.0;
				MTL_ENABLE_DEBUG_INFO = INCLUDE_SOURCE;
				MTL_FAST_MATH = YES;
				ONLY_ACTIVE_ARCH = YES;
				SDKROOT = iphoneos;
				SWIFT_ACTIVE_COMPILATION_CONDITIONS = DEBUG;
				SWIFT_OPTIMIZATION_LEVEL = "-Onone";
			};
			name = Debug;
		};
		98D212CA290E596F00BA9347 /* Release */ = {
			isa = XCBuildConfiguration;
			buildSettings = {
				ALWAYS_SEARCH_USER_PATHS = NO;
				CLANG_ANALYZER_NONNULL = YES;
				CLANG_ANALYZER_NUMBER_OBJECT_CONVERSION = YES_AGGRESSIVE;
				CLANG_CXX_LANGUAGE_STANDARD = "gnu++20";
				CLANG_ENABLE_MODULES = YES;
				CLANG_ENABLE_OBJC_ARC = YES;
				CLANG_ENABLE_OBJC_WEAK = YES;
				CLANG_WARN_BLOCK_CAPTURE_AUTORELEASING = YES;
				CLANG_WARN_BOOL_CONVERSION = YES;
				CLANG_WARN_COMMA = YES;
				CLANG_WARN_CONSTANT_CONVERSION = YES;
				CLANG_WARN_DEPRECATED_OBJC_IMPLEMENTATIONS = YES;
				CLANG_WARN_DIRECT_OBJC_ISA_USAGE = YES_ERROR;
				CLANG_WARN_DOCUMENTATION_COMMENTS = YES;
				CLANG_WARN_EMPTY_BODY = YES;
				CLANG_WARN_ENUM_CONVERSION = YES;
				CLANG_WARN_INFINITE_RECURSION = YES;
				CLANG_WARN_INT_CONVERSION = YES;
				CLANG_WARN_NON_LITERAL_NULL_CONVERSION = YES;
				CLANG_WARN_OBJC_IMPLICIT_RETAIN_SELF = YES;
				CLANG_WARN_OBJC_LITERAL_CONVERSION = YES;
				CLANG_WARN_OBJC_ROOT_CLASS = YES_ERROR;
				CLANG_WARN_QUOTED_INCLUDE_IN_FRAMEWORK_HEADER = YES;
				CLANG_WARN_RANGE_LOOP_ANALYSIS = YES;
				CLANG_WARN_STRICT_PROTOTYPES = YES;
				CLANG_WARN_SUSPICIOUS_MOVE = YES;
				CLANG_WARN_UNGUARDED_AVAILABILITY = YES_AGGRESSIVE;
				CLANG_WARN_UNREACHABLE_CODE = YES;
				CLANG_WARN__DUPLICATE_METHOD_MATCH = YES;
				COPY_PHASE_STRIP = NO;
				DEBUG_INFORMATION_FORMAT = "dwarf-with-dsym";
				ENABLE_NS_ASSERTIONS = NO;
				ENABLE_STRICT_OBJC_MSGSEND = YES;
				GCC_C_LANGUAGE_STANDARD = gnu11;
				GCC_NO_COMMON_BLOCKS = YES;
				GCC_WARN_64_TO_32_BIT_CONVERSION = YES;
				GCC_WARN_ABOUT_RETURN_TYPE = YES_ERROR;
				GCC_WARN_UNDECLARED_SELECTOR = YES;
				GCC_WARN_UNINITIALIZED_AUTOS = YES_AGGRESSIVE;
				GCC_WARN_UNUSED_FUNCTION = YES;
				GCC_WARN_UNUSED_VARIABLE = YES;
				IPHONEOS_DEPLOYMENT_TARGET = 16.0;
				MTL_ENABLE_DEBUG_INFO = NO;
				MTL_FAST_MATH = YES;
				SDKROOT = iphoneos;
				SWIFT_COMPILATION_MODE = wholemodule;
				SWIFT_OPTIMIZATION_LEVEL = "-O";
				VALIDATE_PRODUCT = YES;
			};
			name = Release;
		};
		98D212CC290E596F00BA9347 /* Debug */ = {
			isa = XCBuildConfiguration;
			buildSettings = {
				ASSETCATALOG_COMPILER_APPICON_NAME = AppIcon;
				ASSETCATALOG_COMPILER_GLOBAL_ACCENT_COLOR_NAME = AccentColor;
				CODE_SIGN_ENTITLEMENTS = TravelAI/TravelAI.entitlements;
				CODE_SIGN_STYLE = Automatic;
				CURRENT_PROJECT_VERSION = 1;
				DEVELOPMENT_TEAM = K4EPMTZL7V;
				GENERATE_INFOPLIST_FILE = YES;
				INFOPLIST_FILE = TravelAI/Info.plist;
				INFOPLIST_KEY_UIApplicationSupportsIndirectInputEvents = YES;
				INFOPLIST_KEY_UILaunchStoryboardName = LaunchScreen;
				INFOPLIST_KEY_UIMainStoryboardFile = Main;
				INFOPLIST_KEY_UISupportedInterfaceOrientations_iPad = "UIInterfaceOrientationPortrait UIInterfaceOrientationPortraitUpsideDown UIInterfaceOrientationLandscapeLeft UIInterfaceOrientationLandscapeRight";
				INFOPLIST_KEY_UISupportedInterfaceOrientations_iPhone = "UIInterfaceOrientationPortrait UIInterfaceOrientationLandscapeLeft UIInterfaceOrientationLandscapeRight";
				LD_RUNPATH_SEARCH_PATHS = (
					"$(inherited)",
					"@executable_path/Frameworks",
				);
				MARKETING_VERSION = 1.0;
				PRODUCT_BUNDLE_IDENTIFIER = com.YANG.TravelAI.sample;
				PRODUCT_NAME = "$(TARGET_NAME)";
				SWIFT_EMIT_LOC_STRINGS = YES;
				SWIFT_VERSION = 5.0;
				TARGETED_DEVICE_FAMILY = "1,2";
			};
			name = Debug;
		};
		98D212CD290E596F00BA9347 /* Release */ = {
			isa = XCBuildConfiguration;
			buildSettings = {
				ASSETCATALOG_COMPILER_APPICON_NAME = AppIcon;
				ASSETCATALOG_COMPILER_GLOBAL_ACCENT_COLOR_NAME = AccentColor;
				CODE_SIGN_ENTITLEMENTS = TravelAI/TravelAI.entitlements;
				CODE_SIGN_STYLE = Automatic;
				CURRENT_PROJECT_VERSION = 1;
				DEVELOPMENT_TEAM = K4EPMTZL7V;
				GENERATE_INFOPLIST_FILE = YES;
				INFOPLIST_FILE = TravelAI/Info.plist;
				INFOPLIST_KEY_UIApplicationSupportsIndirectInputEvents = YES;
				INFOPLIST_KEY_UILaunchStoryboardName = LaunchScreen;
				INFOPLIST_KEY_UIMainStoryboardFile = Main;
				INFOPLIST_KEY_UISupportedInterfaceOrientations_iPad = "UIInterfaceOrientationPortrait UIInterfaceOrientationPortraitUpsideDown UIInterfaceOrientationLandscapeLeft UIInterfaceOrientationLandscapeRight";
				INFOPLIST_KEY_UISupportedInterfaceOrientations_iPhone = "UIInterfaceOrientationPortrait UIInterfaceOrientationLandscapeLeft UIInterfaceOrientationLandscapeRight";
				LD_RUNPATH_SEARCH_PATHS = (
					"$(inherited)",
					"@executable_path/Frameworks",
				);
				MARKETING_VERSION = 1.0;
				PRODUCT_BUNDLE_IDENTIFIER = com.YANG.TravelAI.sample;
				PRODUCT_NAME = "$(TARGET_NAME)";
				SWIFT_EMIT_LOC_STRINGS = YES;
				SWIFT_VERSION = 5.0;
				TARGETED_DEVICE_FAMILY = "1,2";
			};
			name = Release;
		};
		98D212CF290E596F00BA9347 /* Debug */ = {
			isa = XCBuildConfiguration;
			buildSettings = {
				ALWAYS_EMBED_SWIFT_STANDARD_LIBRARIES = YES;
				BUNDLE_LOADER = "$(TEST_HOST)";
				CODE_SIGN_STYLE = Automatic;
				CURRENT_PROJECT_VERSION = 1;
				DEVELOPMENT_TEAM = U2SM57XQVW;
				GENERATE_INFOPLIST_FILE = YES;
				IPHONEOS_DEPLOYMENT_TARGET = 16.0;
				MARKETING_VERSION = 1.0;
				PRODUCT_BUNDLE_IDENTIFIER = com.YANG.TravelAI.TravelAITests;
				PRODUCT_NAME = "$(TARGET_NAME)";
				SWIFT_EMIT_LOC_STRINGS = NO;
				SWIFT_VERSION = 5.0;
				TARGETED_DEVICE_FAMILY = "1,2";
				TEST_HOST = "$(BUILT_PRODUCTS_DIR)/TravelAI.app/$(BUNDLE_EXECUTABLE_FOLDER_PATH)/TravelAI";
			};
			name = Debug;
		};
		98D212D0290E596F00BA9347 /* Release */ = {
			isa = XCBuildConfiguration;
			buildSettings = {
				ALWAYS_EMBED_SWIFT_STANDARD_LIBRARIES = YES;
				BUNDLE_LOADER = "$(TEST_HOST)";
				CODE_SIGN_STYLE = Automatic;
				CURRENT_PROJECT_VERSION = 1;
				DEVELOPMENT_TEAM = U2SM57XQVW;
				GENERATE_INFOPLIST_FILE = YES;
				IPHONEOS_DEPLOYMENT_TARGET = 16.0;
				MARKETING_VERSION = 1.0;
				PRODUCT_BUNDLE_IDENTIFIER = com.YANG.TravelAI.TravelAITests;
				PRODUCT_NAME = "$(TARGET_NAME)";
				SWIFT_EMIT_LOC_STRINGS = NO;
				SWIFT_VERSION = 5.0;
				TARGETED_DEVICE_FAMILY = "1,2";
				TEST_HOST = "$(BUILT_PRODUCTS_DIR)/TravelAI.app/$(BUNDLE_EXECUTABLE_FOLDER_PATH)/TravelAI";
			};
			name = Release;
		};
		98D212D2290E596F00BA9347 /* Debug */ = {
			isa = XCBuildConfiguration;
			buildSettings = {
				ALWAYS_EMBED_SWIFT_STANDARD_LIBRARIES = YES;
				CODE_SIGN_STYLE = Automatic;
				CURRENT_PROJECT_VERSION = 1;
				DEVELOPMENT_TEAM = U2SM57XQVW;
				GENERATE_INFOPLIST_FILE = YES;
				MARKETING_VERSION = 1.0;
				PRODUCT_BUNDLE_IDENTIFIER = com.YANG.TravelAI.TravelAIUITests;
				PRODUCT_NAME = "$(TARGET_NAME)";
				SWIFT_EMIT_LOC_STRINGS = NO;
				SWIFT_VERSION = 5.0;
				TARGETED_DEVICE_FAMILY = "1,2";
				TEST_TARGET_NAME = TravelAI;
			};
			name = Debug;
		};
		98D212D3290E596F00BA9347 /* Release */ = {
			isa = XCBuildConfiguration;
			buildSettings = {
				ALWAYS_EMBED_SWIFT_STANDARD_LIBRARIES = YES;
				CODE_SIGN_STYLE = Automatic;
				CURRENT_PROJECT_VERSION = 1;
				DEVELOPMENT_TEAM = U2SM57XQVW;
				GENERATE_INFOPLIST_FILE = YES;
				MARKETING_VERSION = 1.0;
				PRODUCT_BUNDLE_IDENTIFIER = com.YANG.TravelAI.TravelAIUITests;
				PRODUCT_NAME = "$(TARGET_NAME)";
				SWIFT_EMIT_LOC_STRINGS = NO;
				SWIFT_VERSION = 5.0;
				TARGETED_DEVICE_FAMILY = "1,2";
				TEST_TARGET_NAME = TravelAI;
			};
			name = Release;
		};
/* End XCBuildConfiguration section */

/* Begin XCConfigurationList section */
		98D2129C290E596E00BA9347 /* Build configuration list for PBXProject "TravelAI" */ = {
			isa = XCConfigurationList;
			buildConfigurations = (
				98D212C9290E596F00BA9347 /* Debug */,
				98D212CA290E596F00BA9347 /* Release */,
			);
			defaultConfigurationIsVisible = 0;
			defaultConfigurationName = Release;
		};
		98D212CB290E596F00BA9347 /* Build configuration list for PBXNativeTarget "TravelAI" */ = {
			isa = XCConfigurationList;
			buildConfigurations = (
				98D212CC290E596F00BA9347 /* Debug */,
				98D212CD290E596F00BA9347 /* Release */,
			);
			defaultConfigurationIsVisible = 0;
			defaultConfigurationName = Release;
		};
		98D212CE290E596F00BA9347 /* Build configuration list for PBXNativeTarget "TravelAITests" */ = {
			isa = XCConfigurationList;
			buildConfigurations = (
				98D212CF290E596F00BA9347 /* Debug */,
				98D212D0290E596F00BA9347 /* Release */,
			);
			defaultConfigurationIsVisible = 0;
			defaultConfigurationName = Release;
		};
		98D212D1290E596F00BA9347 /* Build configuration list for PBXNativeTarget "TravelAIUITests" */ = {
			isa = XCConfigurationList;
			buildConfigurations = (
				98D212D2290E596F00BA9347 /* Debug */,
				98D212D3290E596F00BA9347 /* Release */,
			);
			defaultConfigurationIsVisible = 0;
			defaultConfigurationName = Release;
		};
/* End XCConfigurationList section */

/* Begin XCRemoteSwiftPackageReference section */
		98D8ED63290E6300005BD060 /* XCRemoteSwiftPackageReference "SnapKit" */ = {
			isa = XCRemoteSwiftPackageReference;
			repositoryURL = "https://github.com/SnapKit/SnapKit.git";
			requirement = {
				branch = develop;
				kind = branch;
			};
		};
		98D8ED66290E6333005BD060 /* XCRemoteSwiftPackageReference "RxSwift" */ = {
			isa = XCRemoteSwiftPackageReference;
			repositoryURL = "https://github.com/ReactiveX/RxSwift";
			requirement = {
				branch = main;
				kind = branch;
			};
		};
		98D8ED72290E6A48005BD060 /* XCRemoteSwiftPackageReference "firebase-ios-sdk" */ = {
			isa = XCRemoteSwiftPackageReference;
			repositoryURL = "https://github.com/firebase/firebase-ios-sdk";
			requirement = {
				kind = upToNextMajorVersion;
				minimumVersion = 9.0.0;
			};
		};
/* End XCRemoteSwiftPackageReference section */

/* Begin XCSwiftPackageProductDependency section */
		98D8ED64290E6300005BD060 /* SnapKit */ = {
			isa = XCSwiftPackageProductDependency;
			package = 98D8ED63290E6300005BD060 /* XCRemoteSwiftPackageReference "SnapKit" */;
			productName = SnapKit;
		};
		98D8ED67290E6333005BD060 /* RxCocoa */ = {
			isa = XCSwiftPackageProductDependency;
			package = 98D8ED66290E6333005BD060 /* XCRemoteSwiftPackageReference "RxSwift" */;
			productName = RxCocoa;
		};
		98D8ED69290E6333005BD060 /* RxSwift */ = {
			isa = XCSwiftPackageProductDependency;
			package = 98D8ED66290E6333005BD060 /* XCRemoteSwiftPackageReference "RxSwift" */;
			productName = RxSwift;
		};
		98D8ED73290E6A48005BD060 /* FirebaseAnalytics */ = {
			isa = XCSwiftPackageProductDependency;
			package = 98D8ED72290E6A48005BD060 /* XCRemoteSwiftPackageReference "firebase-ios-sdk" */;
			productName = FirebaseAnalytics;
		};
/* End XCSwiftPackageProductDependency section */
	};
	rootObject = 98D21299290E596E00BA9347 /* Project object */;
}
